
Microsoft Visual Studio Solution File, Format Version 12.00
# Visual Studio Version 16
Project("{8BC9CEB8-8B4A-11D0-8D11-00A0C91BC942}") = "ALL_BUILD", "ALL_BUILD.vcxproj", "{ABA66BA5-487D-3C4B-841C-ACFC6035B6CE}"
	ProjectSection(ProjectDependencies) = postProject
		{D4923F62-3FF0-34EA-92E1-DBEB3FEBCB57} = {D4923F62-3FF0-34EA-92E1-DBEB3FEBCB57}
		{76B68C7A-D932-3B9B-9D75-35EDDA825D36} = {76B68C7A-D932-3B9B-9D75-35EDDA825D36}
	EndProjectSection
EndProject
Project("{8BC9CEB8-8B4A-11D0-8D11-00A0C91BC942}") = "INSTALL", "INSTALL.vcxproj", "{D46AC454-ADEF-311C-B2B2-27B47CA8EFE9}"
	ProjectSection(ProjectDependencies) = postProject
		{ABA66BA5-487D-3C4B-841C-ACFC6035B6CE} = {ABA66BA5-487D-3C4B-841C-ACFC6035B6CE}
		{D4923F62-3FF0-34EA-92E1-DBEB3FEBCB57} = {D4923F62-3FF0-34EA-92E1-DBEB3FEBCB57}
	EndProjectSection
EndProject
Project("{8BC9CEB8-8B4A-11D0-8D11-00A0C91BC942}") = "ZERO_CHECK", "..\\ZERO_CHECK.vcxproj", "{D4923F62-3FF0-34EA-92E1-DBEB3FEBCB57}"
	ProjectSection(ProjectDependencies) = postProject
	EndProjectSection
EndProject
Project("{8BC9CEB8-8B4A-11D0-8D11-00A0C91BC942}") = "openvr_api64", "openvr_api64.vcxproj", "{76B68C7A-D932-3B9B-9D75-35EDDA825D36}"
	ProjectSection(ProjectDependencies) = postProject
		{D4923F62-3FF0-34EA-92E1-DBEB3FEBCB57} = {D4923F62-3FF0-34EA-92E1-DBEB3FEBCB57}
	EndProjectSection
EndProject
Global
	GlobalSection(SolutionConfigurationPlatforms) = preSolution
		Debug|x64 = Debug|x64
		Release|x64 = Release|x64
		MinSizeRel|x64 = MinSizeRel|x64
		RelWithDebInfo|x64 = RelWithDebInfo|x64
	EndGlobalSection
	GlobalSection(ProjectConfigurationPlatforms) = postSolution
		{ABA66BA5-487D-3C4B-841C-ACFC6035B6CE}.Debug|x64.ActiveCfg = Debug|x64
		{ABA66BA5-487D-3C4B-841C-ACFC6035B6CE}.Debug|x64.Build.0 = Debug|x64
		{ABA66BA5-487D-3C4B-841C-ACFC6035B6CE}.Release|x64.ActiveCfg = Release|x64
		{ABA66BA5-487D-3C4B-841C-ACFC6035B6CE}.Release|x64.Build.0 = Release|x64
		{ABA66BA5-487D-3C4B-841C-ACFC6035B6CE}.MinSizeRel|x64.ActiveCfg = MinSizeRel|x64
		{ABA66BA5-487D-3C4B-841C-ACFC6035B6CE}.MinSizeRel|x64.Build.0 = MinSizeRel|x64
		{ABA66BA5-487D-3C4B-841C-ACFC6035B6CE}.RelWithDebInfo|x64.ActiveCfg = RelWithDebInfo|x64
		{ABA66BA5-487D-3C4B-841C-ACFC6035B6CE}.RelWithDebInfo|x64.Build.0 = RelWithDebInfo|x64
		{D46AC454-ADEF-311C-B2B2-27B47CA8EFE9}.Debug|x64.ActiveCfg = Debug|x64
		{D46AC454-ADEF-311C-B2B2-27B47CA8EFE9}.Release|x64.ActiveCfg = Release|x64
		{D46AC454-ADEF-311C-B2B2-27B47CA8EFE9}.MinSizeRel|x64.ActiveCfg = MinSizeRel|x64
		{D46AC454-ADEF-311C-B2B2-27B47CA8EFE9}.RelWithDebInfo|x64.ActiveCfg = RelWithDebInfo|x64
		{D4923F62-3FF0-34EA-92E1-DBEB3FEBCB57}.Debug|x64.ActiveCfg = Debug|x64
		{D4923F62-3FF0-34EA-92E1-DBEB3FEBCB57}.Debug|x64.Build.0 = Debug|x64
		{D4923F62-3FF0-34EA-92E1-DBEB3FEBCB57}.Release|x64.ActiveCfg = Release|x64
		{D4923F62-3FF0-34EA-92E1-DBEB3FEBCB57}.Release|x64.Build.0 = Release|x64
		{D4923F62-3FF0-34EA-92E1-DBEB3FEBCB57}.MinSizeRel|x64.ActiveCfg = MinSizeRel|x64
		{D4923F62-3FF0-34EA-92E1-DBEB3FEBCB57}.MinSizeRel|x64.Build.0 = MinSizeRel|x64
		{D4923F62-3FF0-34EA-92E1-DBEB3FEBCB57}.RelWithDebInfo|x64.ActiveCfg = RelWithDebInfo|x64
		{D4923F62-3FF0-34EA-92E1-DBEB3FEBCB57}.RelWithDebInfo|x64.Build.0 = RelWithDebInfo|x64
		{76B68C7A-D932-3B9B-9D75-35EDDA825D36}.Debug|x64.ActiveCfg = Debug|x64
		{76B68C7A-D932-3B9B-9D75-35EDDA825D36}.Debug|x64.Build.0 = Debug|x64
		{76B68C7A-D932-3B9B-9D75-35EDDA825D36}.Release|x64.ActiveCfg = Release|x64
		{76B68C7A-D932-3B9B-9D75-35EDDA825D36}.Release|x64.Build.0 = Release|x64
		{76B68C7A-D932-3B9B-9D75-35EDDA825D36}.MinSizeRel|x64.ActiveCfg = MinSizeRel|x64
		{76B68C7A-D932-3B9B-9D75-35EDDA825D36}.MinSizeRel|x64.Build.0 = MinSizeRel|x64
		{76B68C7A-D932-3B9B-9D75-35EDDA825D36}.RelWithDebInfo|x64.ActiveCfg = RelWithDebInfo|x64
		{76B68C7A-D932-3B9B-9D75-35EDDA825D36}.RelWithDebInfo|x64.Build.0 = RelWithDebInfo|x64
	EndGlobalSection
	GlobalSection(ExtensibilityGlobals) = postSolution
		SolutionGuid = {0F6AB186-3E46-38EF-A731-DDDA538F39A3}
	EndGlobalSection
	GlobalSection(ExtensibilityAddIns) = postSolution
	EndGlobalSection
EndGlobal
