<?xml version="1.0" encoding="utf-8"?>
<Project ToolsVersion="16.0" xmlns="http://schemas.microsoft.com/developer/msbuild/2003">
  <ItemGroup>
    <ClCompile Include="$(ProjectDir)openvr_api_public.cpp" />
    <ClCompile Include="$(ProjectDir)jsoncpp.cpp" />
    <ClCompile Include="$(ProjectDir)vrcommon\dirtools_public.cpp" />
    <ClCompile Include="$(ProjectDir)vrcommon\envvartools_public.cpp" />
    <ClCompile Include="$(ProjectDir)vrcommon\pathtools_public.cpp" />
    <ClCompile Include="$(ProjectDir)vrcommon\sharedlibtools_public.cpp" />
    <ClCompile Include="$(ProjectDir)vrcommon\hmderrors_public.cpp" />
    <ClCompile Include="$(ProjectDir)vrcommon\vrpathregistry_public.cpp" />
    <ClCompile Include="$(ProjectDir)vrcommon\strtools_public.cpp" />
  </ItemGroup>
  <ItemGroup>
    <Filter Include="Src">
      <UniqueIdentifier>{E4522A12-6211-386A-B859-6E4B9B2CD0B7}</UniqueIdentifier>
    </Filter>
    <Filter Include="VRCommon">
      <UniqueIdentifier>{BDA4932C-8420-3D07-8C25-82CA43A1C848}</UniqueIdentifier>
    </Filter>
  </ItemGroup>
</Project>