<?xml version="1.0" encoding="utf-8"?>
<Project ToolsVersion="4.0" xmlns="http://schemas.microsoft.com/developer/msbuild/2003">
  <ItemGroup>
    <ClCompile Include="..\Src\Main.cpp" />
    <ClCompile Include="..\Src\Collision\Collision.cpp">
      <Filter>Collision</Filter>
    </ClCompile>
    <ClCompile Include="..\Src\Collision\CollisionMesh.cpp">
      <Filter>Collision</Filter>
    </ClCompile>
    <ClCompile Include="..\Src\Collision\CollisionMeshCollection.cpp">
      <Filter>Collision</Filter>
    </ClCompile>
    <ClCompile Include="..\Src\Graphics\Font.cpp">
      <Filter>Graphics</Filter>
    </ClCompile>
    <ClCompile Include="..\Src\Graphics\UIMesh.cpp">
      <Filter>Graphics</Filter>
    </ClCompile>
    <ClCompile Include="..\Src\Graphics\GraphicsResources.cpp">
      <Filter>Graphics</Filter>
    </ClCompile>
    <ClCompile Include="..\Src\Graphics\Camera.cpp">
      <Filter>Graphics</Filter>
    </ClCompile>
    <ClCompile Include="..\Src\Input\KeyBinds.cpp">
      <Filter>Input</Filter>
    </ClCompile>
    <ClCompile Include="..\Src\Input\Input.cpp">
      <Filter>Input</Filter>
    </ClCompile>
    <ClCompile Include="..\Src\Menus\Console.cpp">
      <Filter>Menus</Filter>
    </ClCompile>
    <ClCompile Include="..\Src\Menus\PauseMenu.cpp">
      <Filter>Menus</Filter>
    </ClCompile>
    <ClCompile Include="..\Src\Menus\InvSlot.cpp">
      <Filter>Menus</Filter>
    </ClCompile>
    <ClCompile Include="..\Src\Menus\Inventory.cpp">
      <Filter>Menus</Filter>
    </ClCompile>
    <ClCompile Include="..\Src\Menus\Menu.cpp">
      <Filter>Menus</Filter>
    </ClCompile>
    <ClCompile Include="..\Src\Menus\GUI\GUIButton.cpp">
      <Filter>Menus\GUI</Filter>
    </ClCompile>
    <ClCompile Include="..\Src\Menus\GUI\GUIComponent.cpp">
      <Filter>Menus\GUI</Filter>
    </ClCompile>
    <ClCompile Include="..\Src\Menus\GUI\GUIFrame.cpp">
      <Filter>Menus\GUI</Filter>
    </ClCompile>
    <ClCompile Include="..\Src\Menus\GUI\GUIText.cpp">
      <Filter>Menus\GUI</Filter>
    </ClCompile>
    <ClCompile Include="..\Src\Menus\GUI\GUITextInput.cpp">
      <Filter>Menus\GUI</Filter>
    </ClCompile>
    <ClCompile Include="..\Src\Menus\GUI\MementoManager.cpp">
      <Filter>Menus\GUI</Filter>
    </ClCompile>
    <ClCompile Include="..\Src\Models\RM2.cpp">
      <Filter>Models</Filter>
    </ClCompile>
    <ClCompile Include="..\Src\PlayerController\PlayerController.cpp">
      <Filter>PlayerController</Filter>
    </ClCompile>
    <ClCompile Include="..\Src\Save\Config.cpp">
      <Filter>Save</Filter>
    </ClCompile>
    <ClCompile Include="..\Src\Scripting\Script.cpp">
      <Filter>Scripting</Filter>
    </ClCompile>
    <ClCompile Include="..\Src\Scripting\ScriptClass.cpp">
      <Filter>Scripting</Filter>
    </ClCompile>
    <ClCompile Include="..\Src\Scripting\ScriptFunction.cpp">
      <Filter>Scripting</Filter>
    </ClCompile>
    <ClCompile Include="..\Src\Scripting\ScriptGlobal.cpp">
      <Filter>Scripting</Filter>
    </ClCompile>
    <ClCompile Include="..\Src\Scripting\ScriptManager.cpp">
      <Filter>Scripting</Filter>
    </ClCompile>
    <ClCompile Include="..\Src\Scripting\ScriptModule.cpp">
      <Filter>Scripting</Filter>
    </ClCompile>
    <ClCompile Include="..\Src\Scripting\ScriptObject.cpp">
      <Filter>Scripting</Filter>
    </ClCompile>
    <ClCompile Include="..\Src\Scripting\StringFactory.cpp">
      <Filter>Scripting</Filter>
    </ClCompile>
    <ClCompile Include="..\Src\Scripting\NativeDefinitions\CollisionDefinitions.cpp">
      <Filter>Scripting\NativeDefinitions</Filter>
    </ClCompile>
    <ClCompile Include="..\Src\Scripting\NativeDefinitions\EventDefinition.cpp">
      <Filter>Scripting\NativeDefinitions</Filter>
    </ClCompile>
    <ClCompile Include="..\Src\Scripting\NativeDefinitions\InputDefinitions.cpp">
      <Filter>Scripting\NativeDefinitions</Filter>
    </ClCompile>
    <ClCompile Include="..\Src\Scripting\NativeDefinitions\MathDefinitions.cpp">
      <Filter>Scripting\NativeDefinitions</Filter>
    </ClCompile>
    <ClCompile Include="..\Src\Scripting\NativeDefinitions\PlayerControllerDefinitions.cpp">
      <Filter>Scripting\NativeDefinitions</Filter>
    </ClCompile>
    <ClCompile Include="..\Src\Scripting\NativeDefinitions\RefCounter.cpp">
      <Filter>Scripting\NativeDefinitions</Filter>
    </ClCompile>
    <ClCompile Include="..\Src\Scripting\NativeDefinitions\ReflectionDefinitions.cpp">
      <Filter>Scripting\NativeDefinitions</Filter>
    </ClCompile>
    <ClCompile Include="..\Src\Scripting\NativeDefinitions\RM2Definitions.cpp">
      <Filter>Scripting\NativeDefinitions</Filter>
    </ClCompile>
    <ClCompile Include="..\Src\Scripting\NativeDefinitions\CachedArgument.cpp">
      <Filter>Scripting\NativeDefinitions</Filter>
    </ClCompile>
    <ClCompile Include="..\Src\Scripting\AngelScriptAddons\scriptarray\scriptarray.cpp">
      <Filter>Scripting\AngelScriptAddons\scriptarray</Filter>
    </ClCompile>
    <ClCompile Include="..\Src\Graphics\DebugGraphics.cpp">
      <Filter>Graphics</Filter>
    </ClCompile>
    <ClCompile Include="..\Src\Utils\INI.cpp">
      <Filter>Utils</Filter>
    </ClCompile>
    <ClCompile Include="..\Src\Utils\MathUtil.cpp">
      <Filter>Utils</Filter>
    </ClCompile>
    <ClCompile Include="..\Src\World\World.cpp">
      <Filter>World</Filter>
    </ClCompile>
    <ClCompile Include="..\Src\World\VRManager.cpp">
      <Filter>World</Filter>
    </ClCompile>
    <ClCompile Include="..\Src\World\DataInterpolator.cpp">
      <Filter>World</Filter>
    </ClCompile>
    <ClCompile Include="..\Src\World\FPSCounter.cpp">
      <Filter>World</Filter>
    </ClCompile>
    <ClCompile Include="..\Src\World\Timing.cpp">
      <Filter>World</Filter>
    </ClCompile>
    <ClCompile Include="..\Src\World\ScriptWorld.cpp">
      <Filter>World</Filter>
    </ClCompile>
    <ClCompile Include="..\Src\Scripting\Type.cpp">
      <Filter>Scripting</Filter>
    </ClCompile>
    <ClCompile Include="..\Src\Graphics\Billboard.cpp">
      <Filter>Graphics</Filter>
    </ClCompile>
    <ClCompile Include="..\Src\Scripting\NativeDefinitions\BillboardDefinitions.cpp">
      <Filter>Scripting\NativeDefinitions</Filter>
    </ClCompile>
    <ClCompile Include="..\Src\Scripting\NativeDefinition.cpp">
      <Filter>Scripting</Filter>
    </ClCompile>
    <ClCompile Include="..\Src\Scripting\NativeDefinitions\ConsoleDefinitions.cpp">
      <Filter>Scripting\NativeDefinitions</Filter>
    </ClCompile>
    <ClCompile Include="..\Src\Scripting\NativeDefinitions\ColorDefinitions.cpp">
      <Filter>Scripting\NativeDefinitions</Filter>
    </ClCompile>
    <ClCompile Include="..\Src\Save\ConfigValues.cpp">
      <Filter>Save</Filter>
    </ClCompile>
    <ClCompile Include="..\Src\Utils\ResourcePackManager.cpp">
      <Filter>Utils</Filter>
    </ClCompile>
    <ClCompile Include="..\Src\Utils\LocalizationManager.cpp">
      <Filter>Utils</Filter>
    </ClCompile>
    <ClCompile Include="..\Src\Utils\MessageManager.cpp">
      <Filter>Utils</Filter>
    </ClCompile>
    <ClCompile Include="..\Src\Scripting\NativeDefinitions\MessageDefinitions.cpp">
      <Filter>Scripting\NativeDefinitions</Filter>
    </ClCompile>
    <ClCompile Include="..\Src\World\Item.cpp">
      <Filter>World</Filter>
    </ClCompile>
    <ClCompile Include="..\Src\Models\Model.cpp">
      <Filter>Models</Filter>
    </ClCompile>
    <ClCompile Include="..\Src\Scripting\NativeDefinitions\ModelDefinitions.cpp">
      <Filter>Scripting\NativeDefinitions</Filter>
    </ClCompile>
    <ClCompile Include="..\Src\World\Pickable.cpp">
      <Filter>World</Filter>
    </ClCompile>
    <ClCompile Include="..\Src\Scripting\NativeDefinitions\PickableDefinitions.cpp">
      <Filter>Scripting\NativeDefinitions</Filter>
    </ClCompile>
  </ItemGroup>
  <ItemGroup>
    <ClInclude Include="resource.h" />
    <ClInclude Include="..\Src\Collision\Collision.h">
      <Filter>Collision</Filter>
    </ClInclude>
    <ClInclude Include="..\Src\Collision\CollisionMesh.h">
      <Filter>Collision</Filter>
    </ClInclude>
    <ClInclude Include="..\Src\Collision\CollisionMeshCollection.h">
      <Filter>Collision</Filter>
    </ClInclude>
    <ClInclude Include="..\Src\Graphics\Font.h">
      <Filter>Graphics</Filter>
    </ClInclude>
    <ClInclude Include="..\Src\Graphics\UIMesh.h">
      <Filter>Graphics</Filter>
    </ClInclude>
    <ClInclude Include="..\Src\Graphics\GraphicsResources.h">
      <Filter>Graphics</Filter>
    </ClInclude>
    <ClInclude Include="..\Src\Graphics\Camera.h">
      <Filter>Graphics</Filter>
    </ClInclude>
    <ClInclude Include="..\Src\Input\KeyBinds.h">
      <Filter>Input</Filter>
    </ClInclude>
    <ClInclude Include="..\Src\Input\Input.h">
      <Filter>Input</Filter>
    </ClInclude>
    <ClInclude Include="..\Src\Menus\Console.h">
      <Filter>Menus</Filter>
    </ClInclude>
    <ClInclude Include="..\Src\Menus\PauseMenu.h">
      <Filter>Menus</Filter>
    </ClInclude>
    <ClInclude Include="..\Src\Menus\InvSlot.h">
      <Filter>Menus</Filter>
    </ClInclude>
    <ClInclude Include="..\Src\Menus\Inventory.h">
      <Filter>Menus</Filter>
    </ClInclude>
    <ClInclude Include="..\Src\Menus\Menu.h">
      <Filter>Menus</Filter>
    </ClInclude>
    <ClInclude Include="..\Src\Menus\GUI\GUIButton.h">
      <Filter>Menus\GUI</Filter>
    </ClInclude>
    <ClInclude Include="..\Src\Menus\GUI\GUIComponent.h">
      <Filter>Menus\GUI</Filter>
    </ClInclude>
    <ClInclude Include="..\Src\Menus\GUI\GUIFrame.h">
      <Filter>Menus\GUI</Filter>
    </ClInclude>
    <ClInclude Include="..\Src\Menus\GUI\GUIText.h">
      <Filter>Menus\GUI</Filter>
    </ClInclude>
    <ClInclude Include="..\Src\Menus\GUI\GUITextInput.h">
      <Filter>Menus\GUI</Filter>
    </ClInclude>
    <ClInclude Include="..\Src\Menus\GUI\MementoManager.h">
      <Filter>Menus\GUI</Filter>
    </ClInclude>
    <ClInclude Include="..\Src\Models\RM2.h">
      <Filter>Models</Filter>
    </ClInclude>
    <ClInclude Include="..\Src\PlayerController\PlayerController.h">
      <Filter>PlayerController</Filter>
    </ClInclude>
    <ClInclude Include="..\Src\Save\Config.h">
      <Filter>Save</Filter>
    </ClInclude>
    <ClInclude Include="..\Src\Scripting\Script.h">
      <Filter>Scripting</Filter>
    </ClInclude>
    <ClInclude Include="..\Src\Scripting\ScriptClass.h">
      <Filter>Scripting</Filter>
    </ClInclude>
    <ClInclude Include="..\Src\Scripting\ScriptFunction.h">
      <Filter>Scripting</Filter>
    </ClInclude>
    <ClInclude Include="..\Src\Scripting\ScriptManager.h">
      <Filter>Scripting</Filter>
    </ClInclude>
    <ClInclude Include="..\Src\Scripting\ScriptModule.h">
      <Filter>Scripting</Filter>
    </ClInclude>
    <ClInclude Include="..\Src\Scripting\ScriptObject.h">
      <Filter>Scripting</Filter>
    </ClInclude>
    <ClInclude Include="..\Src\Scripting\StringFactory.h">
      <Filter>Scripting</Filter>
    </ClInclude>
    <ClInclude Include="..\Src\Scripting\NativeDefinition.h">
      <Filter>Scripting</Filter>
    </ClInclude>
    <ClInclude Include="..\Src\Scripting\NativeDefinitions\CollisionDefinitions.h">
      <Filter>Scripting\NativeDefinitions</Filter>
    </ClInclude>
    <ClInclude Include="..\Src\Scripting\NativeDefinitions\EventDefinition.h">
      <Filter>Scripting\NativeDefinitions</Filter>
    </ClInclude>
    <ClInclude Include="..\Src\Scripting\NativeDefinitions\InputDefinitions.h">
      <Filter>Scripting\NativeDefinitions</Filter>
    </ClInclude>
    <ClInclude Include="..\Src\Scripting\NativeDefinitions\MathDefinitions.h">
      <Filter>Scripting\NativeDefinitions</Filter>
    </ClInclude>
    <ClInclude Include="..\Src\Scripting\NativeDefinitions\PlayerControllerDefinitions.h">
      <Filter>Scripting\NativeDefinitions</Filter>
    </ClInclude>
    <ClInclude Include="..\Src\Scripting\NativeDefinitions\RefCounter.h">
      <Filter>Scripting\NativeDefinitions</Filter>
    </ClInclude>
    <ClInclude Include="..\Src\Scripting\NativeDefinitions\ReflectionDefinitions.h">
      <Filter>Scripting\NativeDefinitions</Filter>
    </ClInclude>
    <ClInclude Include="..\Src\Scripting\NativeDefinitions\RM2Definitions.h">
      <Filter>Scripting\NativeDefinitions</Filter>
    </ClInclude>
    <ClInclude Include="..\Src\Scripting\NativeDefinitions\CachedArgument.h">
      <Filter>Scripting\NativeDefinitions</Filter>
    </ClInclude>
    <ClInclude Include="..\Src\Scripting\AngelScriptAddons\scriptarray\scriptarray.h">
      <Filter>Scripting\AngelScriptAddons\scriptarray</Filter>
    </ClInclude>
    <ClInclude Include="..\Src\Graphics\DebugGraphics.h">
      <Filter>Graphics</Filter>
    </ClInclude>
    <ClInclude Include="..\Src\Utils\INI.h">
      <Filter>Utils</Filter>
    </ClInclude>
    <ClInclude Include="..\Src\Utils\MathUtil.h">
      <Filter>Utils</Filter>
    </ClInclude>
    <ClInclude Include="..\Src\World\World.h">
      <Filter>World</Filter>
    </ClInclude>
    <ClInclude Include="..\Src\World\VRManager.h">
      <Filter>World</Filter>
    </ClInclude>
    <ClInclude Include="..\Src\World\DataInterpolator.h">
      <Filter>World</Filter>
    </ClInclude>
    <ClInclude Include="..\Src\World\FPSCounter.h">
      <Filter>World</Filter>
    </ClInclude>
    <ClInclude Include="..\Src\World\Timing.h">
      <Filter>World</Filter>
    </ClInclude>
    <ClInclude Include="..\Src\World\ScriptWorld.h">
      <Filter>World</Filter>
    </ClInclude>
    <ClInclude Include="..\Src\Scripting\Type.h">
      <Filter>Scripting</Filter>
    </ClInclude>
    <ClInclude Include="..\Src\Graphics\Billboard.h">
      <Filter>Graphics</Filter>
    </ClInclude>
    <ClInclude Include="..\Src\Scripting\NativeDefinitions\BillboardDefinitions.h">
      <Filter>Scripting\NativeDefinitions</Filter>
    </ClInclude>
    <ClInclude Include="..\Src\Scripting\NativeDefinitions\ConsoleDefinitions.h">
      <Filter>Scripting\NativeDefinitions</Filter>
    </ClInclude>
    <ClInclude Include="..\Src\Scripting\NativeDefinitions\ColorDefinitions.h">
      <Filter>Scripting\NativeDefinitions</Filter>
    </ClInclude>
    <ClInclude Include="..\Src\Save\ConfigValues.h">
      <Filter>Save</Filter>
    </ClInclude>
    <ClInclude Include="..\Src\Utils\ResourcePackManager.h">
      <Filter>Utils</Filter>
    </ClInclude>
    <ClInclude Include="..\Src\Utils\LocalizationManager.h">
      <Filter>Utils</Filter>
    </ClInclude>
    <ClInclude Include="..\Src\Utils\MessageManager.h">
      <Filter>Utils</Filter>
    </ClInclude>
    <ClInclude Include="..\Src\Scripting\NativeDefinitions\MessageDefinitions.h">
      <Filter>Scripting\NativeDefinitions</Filter>
    </ClInclude>
    <ClInclude Include="..\Src\World\Item.h">
      <Filter>World</Filter>
    </ClInclude>
    <ClInclude Include="..\Src\Models\Model.h">
      <Filter>Models</Filter>
    </ClInclude>
    <ClInclude Include="..\Src\Scripting\NativeDefinitions\ModelDefinitions.h">
      <Filter>Scripting\NativeDefinitions</Filter>
    </ClInclude>
    <ClInclude Include="..\Src\World\Pickable.h">
      <Filter>World</Filter>
    </ClInclude>
    <ClInclude Include="..\Src\Scripting\NativeDefinitions\PickableDefinitions.h">
      <Filter>Scripting\NativeDefinitions</Filter>
    </ClInclude>
  </ItemGroup>
  <ItemGroup>
    <ResourceCompile Include="SCPCB.rc" />
  </ItemGroup>
  <ItemGroup>
    <Image Include="..\Resources\logo.ico" />
  </ItemGroup>
  <ItemGroup>
    <Filter Include="Collision">
      <UniqueIdentifier>{2a8a569f-66d8-4ac1-b257-5b18c402d79f}</UniqueIdentifier>
    </Filter>
    <Filter Include="Graphics">
      <UniqueIdentifier>{187f7206-04b6-4cd3-8f63-490371fbd586}</UniqueIdentifier>
    </Filter>
    <Filter Include="Input">
      <UniqueIdentifier>{4abb87db-25a4-42aa-bb9d-e170497d40b9}</UniqueIdentifier>
    </Filter>
    <Filter Include="Menus">
      <UniqueIdentifier>{53dd1267-112b-4fd3-a4a3-68315807ffd2}</UniqueIdentifier>
    </Filter>
    <Filter Include="Models">
      <UniqueIdentifier>{305c7b48-b016-4d67-afa0-606e4f42bf66}</UniqueIdentifier>
    </Filter>
    <Filter Include="PlayerController">
      <UniqueIdentifier>{e2369a36-8ce9-4101-b3ee-a9b6ae7bdc27}</UniqueIdentifier>
    </Filter>
    <Filter Include="Save">
      <UniqueIdentifier>{f5a3a8af-b5f3-49e6-9839-9a3621553d8f}</UniqueIdentifier>
    </Filter>
    <Filter Include="Scripting">
      <UniqueIdentifier>{f4810b3c-277f-4071-9abb-c07acfc4b513}</UniqueIdentifier>
    </Filter>
    <Filter Include="Utils">
      <UniqueIdentifier>{8441c195-6ae8-466f-8c64-ab9e51ea80d3}</UniqueIdentifier>
    </Filter>
    <Filter Include="World">
      <UniqueIdentifier>{d3bae494-bf83-461d-ae68-26caf9f49b05}</UniqueIdentifier>
    </Filter>
    <Filter Include="Menus\GUI">
      <UniqueIdentifier>{76b2ce64-f7bb-42b0-bb87-2d9b6f6e5e4f}</UniqueIdentifier>
    </Filter>
    <Filter Include="Scripting\NativeDefinitions">
      <UniqueIdentifier>{385a7202-e0ec-4d8e-86b3-f82e1bb41485}</UniqueIdentifier>
    </Filter>
    <Filter Include="Scripting\AngelScriptAddons">
      <UniqueIdentifier>{65ccd72e-d78d-42d3-8a7e-df20fd22f662}</UniqueIdentifier>
    </Filter>
    <Filter Include="Scripting\AngelScriptAddons\scriptarray">
      <UniqueIdentifier>{01577c9d-cd86-494f-8564-b9c025344777}</UniqueIdentifier>
    </Filter>
  </ItemGroup>
  <ItemGroup>
    <Text Include="..\Src\Scripting\ScriptGlobal.h">
      <Filter>Scripting</Filter>
    </Text>
  </ItemGroup>
</Project>