<?xml version="1.0" encoding="utf-8"?>
<Project ToolsVersion="4.0" xmlns="http://schemas.microsoft.com/developer/msbuild/2003">
  <ItemGroup>
    <Filter Include="Resource Files">
      <UniqueIdentifier>{67DA6AB6-F800-4c08-8B7A-83BB121AAD01}</UniqueIdentifier>
      <Extensions>rc;ico;cur;bmp;dlg;rc2;rct;bin;rgs;gif;jpg;jpeg;jpe;resx;tiff;tif;png;wav;mfcribbon-ms</Extensions>
    </Filter>
    <Filter Include="Src">
      <UniqueIdentifier>{5e13c208-e88b-437b-877a-cfbcc0db45f4}</UniqueIdentifier>
    </Filter>
    <Filter Include="Src\Collision">
      <UniqueIdentifier>{1fbaeefb-f02b-4d45-ae3a-43c0e05a87cd}</UniqueIdentifier>
    </Filter>
    <Filter Include="Src\Graphics">
      <UniqueIdentifier>{26a1e40a-1df8-4af3-8d63-5e5bf0e6a443}</UniqueIdentifier>
    </Filter>
    <Filter Include="Src\Input">
      <UniqueIdentifier>{f8787ead-9f3a-4e61-a420-20a3943e1c40}</UniqueIdentifier>
    </Filter>
    <Filter Include="Src\Menus">
      <UniqueIdentifier>{34a9a24e-1cee-473d-8779-979655a17999}</UniqueIdentifier>
    </Filter>
    <Filter Include="Src\PlayerController">
      <UniqueIdentifier>{4e28020e-0416-4306-8014-578594fcdb5f}</UniqueIdentifier>
    </Filter>
    <Filter Include="Src\Save">
      <UniqueIdentifier>{c10cfe46-a3cb-4005-9f0f-eb962f904fc8}</UniqueIdentifier>
    </Filter>
    <Filter Include="Src\Utils">
      <UniqueIdentifier>{2a530fab-6df1-4a03-8dd3-9d0b8fe04792}</UniqueIdentifier>
    </Filter>
    <Filter Include="Src\World">
      <UniqueIdentifier>{bd447bc2-4ae6-4225-a7a8-f3bf72dac3b2}</UniqueIdentifier>
    </Filter>
    <Filter Include="Src\Menus\GUI">
      <UniqueIdentifier>{0df873b2-c730-4359-9eb7-ff769cfbaf5e}</UniqueIdentifier>
    </Filter>
    <Filter Include="Src\Models">
      <UniqueIdentifier>{c46dcb69-887c-4267-a6c5-bb5d6929d76d}</UniqueIdentifier>
    </Filter>
    <Filter Include="Src\Scripting">
      <UniqueIdentifier>{87a441c9-0375-48b0-993b-f423ae476615}</UniqueIdentifier>
    </Filter>
    <Filter Include="Src\Scripting\AngelScriptAddons">
      <UniqueIdentifier>{2a57d497-43c7-4a74-b7d0-9efaf65d4287}</UniqueIdentifier>
    </Filter>
    <Filter Include="Src\Scripting\AngelScriptAddons\scriptarray">
      <UniqueIdentifier>{d905b520-cf21-4253-b96e-68117e68fab8}</UniqueIdentifier>
    </Filter>
    <Filter Include="Src\Scripting\NativeDefinitions">
      <UniqueIdentifier>{c98c4347-32be-43a2-8178-fcf50d1af4b0}</UniqueIdentifier>
    </Filter>
  </ItemGroup>
  <ItemGroup>
    <ClInclude Include="resource.h">
      <Filter>Resource Files</Filter>
    </ClInclude>
    <ClInclude Include="..\Src\Collision\Collision.h">
      <Filter>Src\Collision</Filter>
    </ClInclude>
    <ClInclude Include="..\Src\Collision\CollisionMesh.h">
      <Filter>Src\Collision</Filter>
    </ClInclude>
    <ClInclude Include="..\Src\World\Timing.h">
      <Filter>Src\World</Filter>
    </ClInclude>
    <ClInclude Include="..\Src\World\World.h">
      <Filter>Src\World</Filter>
    </ClInclude>
    <ClInclude Include="..\Src\PlayerController\PlayerController.h">
      <Filter>Src\PlayerController</Filter>
    </ClInclude>
    <ClInclude Include="..\Src\Input\KeyBinds.h">
      <Filter>Src\Input</Filter>
    </ClInclude>
    <ClInclude Include="..\Src\Save\Config.h">
      <Filter>Src\Save</Filter>
    </ClInclude>
    <ClInclude Include="..\Src\Graphics\Camera.h">
      <Filter>Src\Graphics</Filter>
    </ClInclude>
    <ClInclude Include="..\Src\Graphics\Sprite.h">
      <Filter>Src\Graphics</Filter>
    </ClInclude>
    <ClInclude Include="..\Src\Graphics\UIMesh.h">
      <Filter>Src\Graphics</Filter>
    </ClInclude>
    <ClInclude Include="..\Src\Menus\PauseMenu.h">
      <Filter>Src\Menus</Filter>
    </ClInclude>
    <ClInclude Include="..\Src\Menus\GUI\GUIButton.h">
      <Filter>Src\Menus\GUI</Filter>
    </ClInclude>
    <ClInclude Include="..\Src\Menus\GUI\GUIFrame.h">
      <Filter>Src\Menus\GUI</Filter>
    </ClInclude>
    <ClInclude Include="..\Src\Utils\INI.h">
      <Filter>Src\Utils</Filter>
    </ClInclude>
    <ClInclude Include="..\Src\Utils\MathUtil.h">
      <Filter>Src\Utils</Filter>
    </ClInclude>
    <ClInclude Include="..\Src\Utils\TextMgmt.h">
      <Filter>Src\Utils</Filter>
    </ClInclude>
    <ClInclude Include="..\Src\Menus\GUI\GUIComponent.h">
      <Filter>Src\Menus\GUI</Filter>
    </ClInclude>
    <ClInclude Include="..\Src\Graphics\Font.h">
      <Filter>Src\Graphics</Filter>
    </ClInclude>
    <ClInclude Include="..\Src\Models\RM2.h">
      <Filter>Src\Models</Filter>
    </ClInclude>
    <ClInclude Include="..\Src\Graphics\GraphicsResources.h">
      <Filter>Src\Graphics</Filter>
    </ClInclude>
    <ClInclude Include="..\Src\Input\Input.h">
      <Filter>Src\Input</Filter>
    </ClInclude>
    <ClInclude Include="..\Src\Menus\GUI\GUIText.h">
      <Filter>Src\Menus\GUI</Filter>
    </ClInclude>
    <ClInclude Include="..\Src\Menus\GUI\GUITextInput.h">
      <Filter>Src\Menus\GUI</Filter>
    </ClInclude>
    <ClInclude Include="..\Src\World\FPSCounter.h">
      <Filter>Src\World</Filter>
    </ClInclude>
    <ClInclude Include="..\Src\Menus\Inventory.h">
      <Filter>Src\Menus</Filter>
    </ClInclude>
    <ClInclude Include="..\Src\Menus\InvSlot.h">
      <Filter>Src\Menus</Filter>
    </ClInclude>
    <ClInclude Include="..\Src\Menus\Menu.h">
      <Filter>Src\Menus</Filter>
    </ClInclude>
    <ClInclude Include="..\Src\Collision\CollisionMeshCollection.h">
      <Filter>Src\Collision</Filter>
    </ClInclude>
    <ClInclude Include="..\Src\Scripting\ScriptManager.h">
      <Filter>Src\Scripting</Filter>
    </ClInclude>
    <ClInclude Include="..\Src\Scripting\Script.h">
      <Filter>Src\Scripting</Filter>
    </ClInclude>
    <ClInclude Include="..\Src\Scripting\Type.h">
      <Filter>Src\Scripting</Filter>
    </ClInclude>
    <ClInclude Include="..\Src\Scripting\AngelScriptAddons\scriptarray\scriptarray.h">
      <Filter>Src\Scripting\AngelScriptAddons\scriptarray</Filter>
    </ClInclude>
    <ClInclude Include="..\Src\Scripting\ScriptClass.h">
      <Filter>Src\Scripting</Filter>
    </ClInclude>
    <ClInclude Include="..\Src\Scripting\ScriptObject.h">
      <Filter>Src\Scripting</Filter>
    </ClInclude>
    <ClInclude Include="..\Src\Scripting\NativeDefinitions\RM2Definitions.h">
      <Filter>Src\Scripting\NativeDefinitions</Filter>
    </ClInclude>
    <ClInclude Include="..\Src\Scripting\ScriptFunction.h">
      <Filter>Src\Scripting</Filter>
    </ClInclude>
    <ClInclude Include="..\Src\Scripting\NativeDefinition.h">
      <Filter>Src\Scripting</Filter>
    </ClInclude>
    <ClInclude Include="..\Src\Scripting\NativeDefinitions\MathDefinitions.h">
      <Filter>Src\Scripting\NativeDefinitions</Filter>
    </ClInclude>
    <ClInclude Include="..\Src\Scripting\NativeDefinitions\EventDefinition.h">
      <Filter>Src\Scripting\NativeDefinitions</Filter>
    </ClInclude>
    <ClInclude Include="..\Src\Scripting\ScriptModule.h">
      <Filter>Src\Scripting</Filter>
    </ClInclude>
    <ClInclude Include="..\Src\World\ScriptWorld.h">
      <Filter>Src\World</Filter>
    </ClInclude>
  </ItemGroup>
  <ItemGroup>
    <ResourceCompile Include="SCPCB.rc">
      <Filter>Resource Files</Filter>
    </ResourceCompile>
  </ItemGroup>
  <ItemGroup>
    <Image Include="..\Resources\logo.ico">
      <Filter>Resource Files</Filter>
    </Image>
  </ItemGroup>
  <ItemGroup>
    <ClCompile Include="..\Src\Main.cpp">
      <Filter>Src</Filter>
    </ClCompile>
    <ClCompile Include="..\Src\Collision\Collision.cpp">
      <Filter>Src\Collision</Filter>
    </ClCompile>
    <ClCompile Include="..\Src\Collision\CollisionMesh.cpp">
      <Filter>Src\Collision</Filter>
    </ClCompile>
    <ClCompile Include="..\Src\PlayerController\PlayerController.cpp">
      <Filter>Src\PlayerController</Filter>
    </ClCompile>
    <ClCompile Include="..\Src\Graphics\Camera.cpp">
      <Filter>Src\Graphics</Filter>
    </ClCompile>
    <ClCompile Include="..\Src\Graphics\Sprite.cpp">
      <Filter>Src\Graphics</Filter>
    </ClCompile>
    <ClCompile Include="..\Src\Graphics\UIMesh.cpp">
      <Filter>Src\Graphics</Filter>
    </ClCompile>
    <ClCompile Include="..\Src\Input\KeyBinds.cpp">
      <Filter>Src\Input</Filter>
    </ClCompile>
    <ClCompile Include="..\Src\Menus\PauseMenu.cpp">
      <Filter>Src\Menus</Filter>
    </ClCompile>
    <ClCompile Include="..\Src\Menus\GUI\GUIButton.cpp">
      <Filter>Src\Menus\GUI</Filter>
    </ClCompile>
    <ClCompile Include="..\Src\Menus\GUI\GUIFrame.cpp">
      <Filter>Src\Menus\GUI</Filter>
    </ClCompile>
    <ClCompile Include="..\Src\Save\Config.cpp">
      <Filter>Src\Save</Filter>
    </ClCompile>
    <ClCompile Include="..\Src\Utils\INI.cpp">
      <Filter>Src\Utils</Filter>
    </ClCompile>
    <ClCompile Include="..\Src\Utils\MathUtil.cpp">
      <Filter>Src\Utils</Filter>
    </ClCompile>
    <ClCompile Include="..\Src\Utils\TextMgmt.cpp">
      <Filter>Src\Utils</Filter>
    </ClCompile>
    <ClCompile Include="..\Src\World\Timing.cpp">
      <Filter>Src\World</Filter>
    </ClCompile>
    <ClCompile Include="..\Src\World\World.cpp">
      <Filter>Src\World</Filter>
    </ClCompile>
    <ClCompile Include="..\Src\Menus\GUI\GUIComponent.cpp">
      <Filter>Src\Menus\GUI</Filter>
    </ClCompile>
    <ClCompile Include="..\Src\Graphics\Font.cpp">
      <Filter>Src\Graphics</Filter>
    </ClCompile>
    <ClCompile Include="..\Src\Models\RM2.cpp">
      <Filter>Src\Models</Filter>
    </ClCompile>
    <ClCompile Include="..\Src\Graphics\GraphicsResources.cpp">
      <Filter>Src\Graphics</Filter>
    </ClCompile>
    <ClCompile Include="..\Src\Input\Input.cpp">
      <Filter>Src\Input</Filter>
    </ClCompile>
    <ClCompile Include="..\Src\Menus\GUI\GUIText.cpp">
      <Filter>Src\Menus\GUI</Filter>
    </ClCompile>
    <ClCompile Include="..\Src\Menus\GUI\GUITextInput.cpp">
      <Filter>Src\Menus\GUI</Filter>
    </ClCompile>
    <ClCompile Include="..\Src\World\FPSCounter.cpp">
      <Filter>Src\World</Filter>
    </ClCompile>
    <ClCompile Include="..\Src\Menus\Inventory.cpp">
      <Filter>Src\Menus</Filter>
    </ClCompile>
    <ClCompile Include="..\Src\Menus\InvSlot.cpp">
      <Filter>Src\Menus</Filter>
    </ClCompile>
    <ClCompile Include="..\Src\Menus\Menu.cpp">
      <Filter>Src\Menus</Filter>
    </ClCompile>
    <ClCompile Include="..\Src\Collision\CollisionMeshCollection.cpp">
      <Filter>Src\Collision</Filter>
    </ClCompile>
    <ClCompile Include="..\Src\Scripting\Script.cpp">
      <Filter>Src\Scripting</Filter>
    </ClCompile>
    <ClCompile Include="..\Src\Scripting\ScriptManager.cpp">
      <Filter>Src\Scripting</Filter>
    </ClCompile>
    <ClCompile Include="..\Src\Scripting\Type.cpp">
      <Filter>Src\Scripting</Filter>
    </ClCompile>
    <ClCompile Include="..\Src\Scripting\AngelScriptAddons\scriptarray\scriptarray.cpp">
      <Filter>Src\Scripting\AngelScriptAddons\scriptarray</Filter>
    </ClCompile>
    <ClCompile Include="..\Src\Scripting\ScriptFunction.cpp">
      <Filter>Src\Scripting</Filter>
    </ClCompile>
    <ClCompile Include="..\Src\Scripting\ScriptClass.cpp">
      <Filter>Src\Scripting</Filter>
    </ClCompile>
    <ClCompile Include="..\Src\Scripting\ScriptObject.cpp">
      <Filter>Src\Scripting</Filter>
    </ClCompile>
    <ClCompile Include="..\Src\Scripting\NativeDefinitions\RM2Definitions.cpp">
      <Filter>Src\Scripting\NativeDefinitions</Filter>
    </ClCompile>
    <ClCompile Include="..\Src\Scripting\NativeDefinitions\MathDefinitions.cpp">
      <Filter>Src\Scripting\NativeDefinitions</Filter>
    </ClCompile>
    <ClCompile Include="..\Src\Scripting\NativeDefinitions\EventDefinition.cpp">
      <Filter>Src\Scripting\NativeDefinitions</Filter>
    </ClCompile>
    <ClCompile Include="..\Src\World\ScriptWorld.cpp">
      <Filter>Src\World</Filter>
    </ClCompile>
    <ClCompile Include="..\Src\Scripting\ScriptModule.cpp">
      <Filter>Src\Scripting</Filter>
    </ClCompile>
    <ClCompile Include="..\Src\Scripting\ScriptGlobal.cpp">
      <Filter>Src\Scripting</Filter>
    </ClCompile>
  </ItemGroup>
  <ItemGroup>
    <Text Include="..\Src\Scripting\ScriptGlobal.h">
      <Filter>Src\Scripting</Filter>
    </Text>
  </ItemGroup>
</Project>