
Microsoft Visual Studio Solution File, Format Version 12.00
# Visual Studio Version 16
VisualStudioVersion = 16.0.30413.136
MinimumVisualStudioVersion = 10.0.40219.1
Project("{2150E333-8FDC-42A3-9474-1A3956D46DE8}") = "Libraries", "Libraries", "{E6AA772D-C9EF-47CE-9314-9A1860D2373A}"
	ProjectSection(SolutionItems) = preProject
		..\Libraries\stb_image\stb_image.h = ..\Libraries\stb_image\stb_image.h
	EndProjectSection
EndProject
Project("{2150E333-8FDC-42A3-9474-1A3956D46DE8}") = "SCPCB", "SCPCB", "{92958335-B1F8-4F53-B4F2-3ED8D0A571F3}"
EndProject
Project("{8BC9CEB8-8B4A-11D0-8D11-00A0C91BC942}") = "SCPCB", "SCPCB.vcxproj", "{EBF63DF4-1D71-45A2-9B88-D5005F6E30DF}"
	ProjectSection(ProjectDependencies) = postProject
		{86FA7807-97DD-432B-BAFD-4B8304762DEA} = {86FA7807-97DD-432B-BAFD-4B8304762DEA}
		{7A9E4F5A-3E9C-4D71-8ABC-63A760CE08D4} = {7A9E4F5A-3E9C-4D71-8ABC-63A760CE08D4}
		{B8C69879-50F9-357A-A579-E362D28A7464} = {B8C69879-50F9-357A-A579-E362D28A7464}
		{39E6AF97-6BA3-4A72-8C61-BCEBF214EBFD} = {39E6AF97-6BA3-4A72-8C61-BCEBF214EBFD}
		{D1C528B6-AA02-4D29-9D61-DC08E317A70D} = {D1C528B6-AA02-4D29-9D61-DC08E317A70D}
		{78B079BD-9FC7-4B9E-B4A6-96DA0F00248B} = {78B079BD-9FC7-4B9E-B4A6-96DA0F00248B}
		{8D32B3DD-DA7F-4BC7-9B11-D6684A0A993B} = {8D32B3DD-DA7F-4BC7-9B11-D6684A0A993B}
		{2D5343E1-C4C3-43FB-AB12-234001B3F5DD} = {2D5343E1-C4C3-43FB-AB12-234001B3F5DD}
	EndProjectSection
EndProject
Project("{2150E333-8FDC-42A3-9474-1A3956D46DE8}") = "Engine", "Engine", "{17F7A9E1-A58A-40A7-AA18-B7761ACBAF7E}"
EndProject
Project("{8BC9CEB8-8B4A-11D0-8D11-00A0C91BC942}") = "Engine", "..\Engine\Windows\Engine\Engine.vcxproj", "{86FA7807-97DD-432B-BAFD-4B8304762DEA}"
	ProjectSection(ProjectDependencies) = postProject
		{3A84BF6D-4447-4AC4-8B18-4CEEF5B45D7E} = {3A84BF6D-4447-4AC4-8B18-4CEEF5B45D7E}
		{81CE8DAF-EBB2-4761-8E45-B71ABCCA8C68} = {81CE8DAF-EBB2-4761-8E45-B71ABCCA8C68}
	EndProjectSection
EndProject
Project("{8BC9CEB8-8B4A-11D0-8D11-00A0C91BC942}") = "freetype", "..\Libraries\freetype-2.10.1\builds\windows\vc2010\freetype.vcxproj", "{78B079BD-9FC7-4B9E-B4A6-96DA0F00248B}"
EndProject
Project("{8BC9CEB8-8B4A-11D0-8D11-00A0C91BC942}") = "BuildShaders", "..\Engine\Windows\BuildShaders\BuildShaders.vcxproj", "{2D5343E1-C4C3-43FB-AB12-234001B3F5DD}"
EndProject
Project("{8BC9CEB8-8B4A-11D0-8D11-00A0C91BC942}") = "angelscript", "..\Libraries\angelscript-2.34.0\angelscript\projects\msvc2017\angelscript.vcxproj", "{39E6AF97-6BA3-4A72-8C61-BCEBF214EBFD}"
EndProject
Project("{8BC9CEB8-8B4A-11D0-8D11-00A0C91BC942}") = "tinyxml2", "..\Libraries\tinyxml2-7.1.0\tinyxml2\tinyxml2.vcxproj", "{D1C528B6-AA02-4D29-9D61-DC08E317A70D}"
EndProject
Project("{8BC9CEB8-8B4A-11D0-8D11-00A0C91BC942}") = "assimp", "..\Libraries\assimp-4.1.0\VS2017\assimp\assimp.vcxproj", "{7A9E4F5A-3E9C-4D71-8ABC-63A760CE08D4}"
EndProject
Project("{8BC9CEB8-8B4A-11D0-8D11-00A0C91BC942}") = "SDL2", "..\Engine\Libraries\SDL2\VisualC\SDL\SDL.vcxproj", "{81CE8DAF-EBB2-4761-8E45-B71ABCCA8C68}"
EndProject
Project("{8BC9CEB8-8B4A-11D0-8D11-00A0C91BC942}") = "glad", "..\Engine\Libraries\glad\glad.vcxproj", "{3A84BF6D-4447-4AC4-8B18-4CEEF5B45D7E}"
EndProject
Project("{8BC9CEB8-8B4A-11D0-8D11-00A0C91BC942}") = "openvr_api64", "..\Libraries\openvr\win\openvr_api64.vcxproj", "{B8C69879-50F9-357A-A579-E362D28A7464}"
EndProject
Project("{8BC9CEB8-8B4A-11D0-8D11-00A0C91BC942}") = "ResourceSync", "ResourceSync\ResourceSync.vcxproj", "{8D32B3DD-DA7F-4BC7-9B11-D6684A0A993B}"
EndProject
Global
	GlobalSection(SolutionConfigurationPlatforms) = preSolution
		Debug|x64 = Debug|x64
		Debug|x86 = Debug|x86
		MinSizeRel|x64 = MinSizeRel|x64
		MinSizeRel|x86 = MinSizeRel|x86
		Release|x64 = Release|x64
		Release|x86 = Release|x86
		RelWithDebInfo|x64 = RelWithDebInfo|x64
		RelWithDebInfo|x86 = RelWithDebInfo|x86
	EndGlobalSection
	GlobalSection(ProjectConfigurationPlatforms) = postSolution
		{EBF63DF4-1D71-45A2-9B88-D5005F6E30DF}.Debug|x64.ActiveCfg = Debug|x64
		{EBF63DF4-1D71-45A2-9B88-D5005F6E30DF}.Debug|x64.Build.0 = Debug|x64
		{EBF63DF4-1D71-45A2-9B88-D5005F6E30DF}.Debug|x86.ActiveCfg = Debug|x64
		{EBF63DF4-1D71-45A2-9B88-D5005F6E30DF}.MinSizeRel|x64.ActiveCfg = Release|x64
		{EBF63DF4-1D71-45A2-9B88-D5005F6E30DF}.MinSizeRel|x64.Build.0 = Release|x64
		{EBF63DF4-1D71-45A2-9B88-D5005F6E30DF}.MinSizeRel|x86.ActiveCfg = Release|x64
		{EBF63DF4-1D71-45A2-9B88-D5005F6E30DF}.MinSizeRel|x86.Build.0 = Release|x64
		{EBF63DF4-1D71-45A2-9B88-D5005F6E30DF}.Release|x64.ActiveCfg = Release|x64
		{EBF63DF4-1D71-45A2-9B88-D5005F6E30DF}.Release|x64.Build.0 = Release|x64
		{EBF63DF4-1D71-45A2-9B88-D5005F6E30DF}.Release|x86.ActiveCfg = Release|x64
		{EBF63DF4-1D71-45A2-9B88-D5005F6E30DF}.RelWithDebInfo|x64.ActiveCfg = Release|x64
		{EBF63DF4-1D71-45A2-9B88-D5005F6E30DF}.RelWithDebInfo|x64.Build.0 = Release|x64
		{EBF63DF4-1D71-45A2-9B88-D5005F6E30DF}.RelWithDebInfo|x86.ActiveCfg = Release|x64
		{EBF63DF4-1D71-45A2-9B88-D5005F6E30DF}.RelWithDebInfo|x86.Build.0 = Release|x64
		{86FA7807-97DD-432B-BAFD-4B8304762DEA}.Debug|x64.ActiveCfg = Debug|x64
		{86FA7807-97DD-432B-BAFD-4B8304762DEA}.Debug|x64.Build.0 = Debug|x64
		{86FA7807-97DD-432B-BAFD-4B8304762DEA}.Debug|x86.ActiveCfg = Debug|x64
		{86FA7807-97DD-432B-BAFD-4B8304762DEA}.MinSizeRel|x64.ActiveCfg = Release|x64
		{86FA7807-97DD-432B-BAFD-4B8304762DEA}.MinSizeRel|x64.Build.0 = Release|x64
		{86FA7807-97DD-432B-BAFD-4B8304762DEA}.MinSizeRel|x86.ActiveCfg = Debug|Win32
		{86FA7807-97DD-432B-BAFD-4B8304762DEA}.MinSizeRel|x86.Build.0 = Debug|Win32
		{86FA7807-97DD-432B-BAFD-4B8304762DEA}.Release|x64.ActiveCfg = Release|x64
		{86FA7807-97DD-432B-BAFD-4B8304762DEA}.Release|x64.Build.0 = Release|x64
		{86FA7807-97DD-432B-BAFD-4B8304762DEA}.Release|x86.ActiveCfg = Release|x64
		{86FA7807-97DD-432B-BAFD-4B8304762DEA}.RelWithDebInfo|x64.ActiveCfg = Release|x64
		{86FA7807-97DD-432B-BAFD-4B8304762DEA}.RelWithDebInfo|x64.Build.0 = Release|x64
		{86FA7807-97DD-432B-BAFD-4B8304762DEA}.RelWithDebInfo|x86.ActiveCfg = Release|Win32
		{86FA7807-97DD-432B-BAFD-4B8304762DEA}.RelWithDebInfo|x86.Build.0 = Release|Win32
		{78B079BD-9FC7-4B9E-B4A6-96DA0F00248B}.Debug|x64.ActiveCfg = Debug|x64
		{78B079BD-9FC7-4B9E-B4A6-96DA0F00248B}.Debug|x64.Build.0 = Debug|x64
		{78B079BD-9FC7-4B9E-B4A6-96DA0F00248B}.Debug|x86.ActiveCfg = Debug|Win32
		{78B079BD-9FC7-4B9E-B4A6-96DA0F00248B}.Debug|x86.Build.0 = Debug|Win32
		{78B079BD-9FC7-4B9E-B4A6-96DA0F00248B}.MinSizeRel|x64.ActiveCfg = Debug Static|x64
		{78B079BD-9FC7-4B9E-B4A6-96DA0F00248B}.MinSizeRel|x64.Build.0 = Debug Static|x64
		{78B079BD-9FC7-4B9E-B4A6-96DA0F00248B}.MinSizeRel|x86.ActiveCfg = Debug Static|Win32
		{78B079BD-9FC7-4B9E-B4A6-96DA0F00248B}.MinSizeRel|x86.Build.0 = Debug Static|Win32
		{78B079BD-9FC7-4B9E-B4A6-96DA0F00248B}.Release|x64.ActiveCfg = Release|x64
		{78B079BD-9FC7-4B9E-B4A6-96DA0F00248B}.Release|x64.Build.0 = Release|x64
		{78B079BD-9FC7-4B9E-B4A6-96DA0F00248B}.Release|x86.ActiveCfg = Release|Win32
		{78B079BD-9FC7-4B9E-B4A6-96DA0F00248B}.Release|x86.Build.0 = Release|Win32
		{78B079BD-9FC7-4B9E-B4A6-96DA0F00248B}.RelWithDebInfo|x64.ActiveCfg = Release Static|x64
		{78B079BD-9FC7-4B9E-B4A6-96DA0F00248B}.RelWithDebInfo|x64.Build.0 = Release Static|x64
		{78B079BD-9FC7-4B9E-B4A6-96DA0F00248B}.RelWithDebInfo|x86.ActiveCfg = Release Static|Win32
		{78B079BD-9FC7-4B9E-B4A6-96DA0F00248B}.RelWithDebInfo|x86.Build.0 = Release Static|Win32
		{2D5343E1-C4C3-43FB-AB12-234001B3F5DD}.Debug|x64.ActiveCfg = Debug|x64
		{2D5343E1-C4C3-43FB-AB12-234001B3F5DD}.Debug|x64.Build.0 = Debug|x64
		{2D5343E1-C4C3-43FB-AB12-234001B3F5DD}.Debug|x86.ActiveCfg = Debug|x64
		{2D5343E1-C4C3-43FB-AB12-234001B3F5DD}.MinSizeRel|x64.ActiveCfg = Release|x64
		{2D5343E1-C4C3-43FB-AB12-234001B3F5DD}.MinSizeRel|x64.Build.0 = Release|x64
		{2D5343E1-C4C3-43FB-AB12-234001B3F5DD}.MinSizeRel|x86.ActiveCfg = Debug|Win32
		{2D5343E1-C4C3-43FB-AB12-234001B3F5DD}.MinSizeRel|x86.Build.0 = Debug|Win32
		{2D5343E1-C4C3-43FB-AB12-234001B3F5DD}.Release|x64.ActiveCfg = Release|x64
		{2D5343E1-C4C3-43FB-AB12-234001B3F5DD}.Release|x64.Build.0 = Release|x64
		{2D5343E1-C4C3-43FB-AB12-234001B3F5DD}.Release|x86.ActiveCfg = Release|x64
		{2D5343E1-C4C3-43FB-AB12-234001B3F5DD}.RelWithDebInfo|x64.ActiveCfg = Release|x64
		{2D5343E1-C4C3-43FB-AB12-234001B3F5DD}.RelWithDebInfo|x64.Build.0 = Release|x64
		{2D5343E1-C4C3-43FB-AB12-234001B3F5DD}.RelWithDebInfo|x86.ActiveCfg = Release|Win32
		{2D5343E1-C4C3-43FB-AB12-234001B3F5DD}.RelWithDebInfo|x86.Build.0 = Release|Win32
		{39E6AF97-6BA3-4A72-8C61-BCEBF214EBFD}.Debug|x64.ActiveCfg = Debug|x64
		{39E6AF97-6BA3-4A72-8C61-BCEBF214EBFD}.Debug|x64.Build.0 = Debug|x64
		{39E6AF97-6BA3-4A72-8C61-BCEBF214EBFD}.Debug|x86.ActiveCfg = Debug|Win32
		{39E6AF97-6BA3-4A72-8C61-BCEBF214EBFD}.Debug|x86.Build.0 = Debug|Win32
		{39E6AF97-6BA3-4A72-8C61-BCEBF214EBFD}.MinSizeRel|x64.ActiveCfg = clang_debug|x64
		{39E6AF97-6BA3-4A72-8C61-BCEBF214EBFD}.MinSizeRel|x64.Build.0 = clang_debug|x64
		{39E6AF97-6BA3-4A72-8C61-BCEBF214EBFD}.MinSizeRel|x86.ActiveCfg = clang_debug|Win32
		{39E6AF97-6BA3-4A72-8C61-BCEBF214EBFD}.MinSizeRel|x86.Build.0 = clang_debug|Win32
		{39E6AF97-6BA3-4A72-8C61-BCEBF214EBFD}.Release|x64.ActiveCfg = Release|x64
		{39E6AF97-6BA3-4A72-8C61-BCEBF214EBFD}.Release|x64.Build.0 = Release|x64
		{39E6AF97-6BA3-4A72-8C61-BCEBF214EBFD}.Release|x86.ActiveCfg = Release|Win32
		{39E6AF97-6BA3-4A72-8C61-BCEBF214EBFD}.Release|x86.Build.0 = Release|Win32
		{39E6AF97-6BA3-4A72-8C61-BCEBF214EBFD}.RelWithDebInfo|x64.ActiveCfg = Release|x64
		{39E6AF97-6BA3-4A72-8C61-BCEBF214EBFD}.RelWithDebInfo|x64.Build.0 = Release|x64
		{39E6AF97-6BA3-4A72-8C61-BCEBF214EBFD}.RelWithDebInfo|x86.ActiveCfg = Release|Win32
		{39E6AF97-6BA3-4A72-8C61-BCEBF214EBFD}.RelWithDebInfo|x86.Build.0 = Release|Win32
		{D1C528B6-AA02-4D29-9D61-DC08E317A70D}.Debug|x64.ActiveCfg = Debug-Lib|x64
		{D1C528B6-AA02-4D29-9D61-DC08E317A70D}.Debug|x64.Build.0 = Debug-Lib|x64
		{D1C528B6-AA02-4D29-9D61-DC08E317A70D}.Debug|x86.ActiveCfg = Debug-Lib|Win32
		{D1C528B6-AA02-4D29-9D61-DC08E317A70D}.Debug|x86.Build.0 = Debug-Lib|Win32
		{D1C528B6-AA02-4D29-9D61-DC08E317A70D}.MinSizeRel|x64.ActiveCfg = Debug-Dll|x64
		{D1C528B6-AA02-4D29-9D61-DC08E317A70D}.MinSizeRel|x64.Build.0 = Debug-Dll|x64
		{D1C528B6-AA02-4D29-9D61-DC08E317A70D}.MinSizeRel|x86.ActiveCfg = Debug-Dll|Win32
		{D1C528B6-AA02-4D29-9D61-DC08E317A70D}.MinSizeRel|x86.Build.0 = Debug-Dll|Win32
		{D1C528B6-AA02-4D29-9D61-DC08E317A70D}.Release|x64.ActiveCfg = Release-Lib|x64
		{D1C528B6-AA02-4D29-9D61-DC08E317A70D}.Release|x64.Build.0 = Release-Lib|x64
		{D1C528B6-AA02-4D29-9D61-DC08E317A70D}.Release|x86.ActiveCfg = Release-Lib|Win32
		{D1C528B6-AA02-4D29-9D61-DC08E317A70D}.Release|x86.Build.0 = Release-Lib|Win32
		{D1C528B6-AA02-4D29-9D61-DC08E317A70D}.RelWithDebInfo|x64.ActiveCfg = Release-Dll|x64
		{D1C528B6-AA02-4D29-9D61-DC08E317A70D}.RelWithDebInfo|x64.Build.0 = Release-Dll|x64
		{D1C528B6-AA02-4D29-9D61-DC08E317A70D}.RelWithDebInfo|x86.ActiveCfg = Release-Dll|Win32
		{D1C528B6-AA02-4D29-9D61-DC08E317A70D}.RelWithDebInfo|x86.Build.0 = Release-Dll|Win32
		{7A9E4F5A-3E9C-4D71-8ABC-63A760CE08D4}.Debug|x64.ActiveCfg = Debug|x64
		{7A9E4F5A-3E9C-4D71-8ABC-63A760CE08D4}.Debug|x64.Build.0 = Debug|x64
		{7A9E4F5A-3E9C-4D71-8ABC-63A760CE08D4}.Debug|x86.ActiveCfg = Debug|Win32
		{7A9E4F5A-3E9C-4D71-8ABC-63A760CE08D4}.Debug|x86.Build.0 = Debug|Win32
		{7A9E4F5A-3E9C-4D71-8ABC-63A760CE08D4}.MinSizeRel|x64.ActiveCfg = Release|x64
		{7A9E4F5A-3E9C-4D71-8ABC-63A760CE08D4}.MinSizeRel|x64.Build.0 = Release|x64
		{7A9E4F5A-3E9C-4D71-8ABC-63A760CE08D4}.MinSizeRel|x86.ActiveCfg = Release|Win32
		{7A9E4F5A-3E9C-4D71-8ABC-63A760CE08D4}.MinSizeRel|x86.Build.0 = Release|Win32
		{7A9E4F5A-3E9C-4D71-8ABC-63A760CE08D4}.Release|x64.ActiveCfg = Release|x64
		{7A9E4F5A-3E9C-4D71-8ABC-63A760CE08D4}.Release|x64.Build.0 = Release|x64
		{7A9E4F5A-3E9C-4D71-8ABC-63A760CE08D4}.Release|x86.ActiveCfg = Release|Win32
		{7A9E4F5A-3E9C-4D71-8ABC-63A760CE08D4}.Release|x86.Build.0 = Release|Win32
		{7A9E4F5A-3E9C-4D71-8ABC-63A760CE08D4}.RelWithDebInfo|x64.ActiveCfg = Release|x64
		{7A9E4F5A-3E9C-4D71-8ABC-63A760CE08D4}.RelWithDebInfo|x64.Build.0 = Release|x64
		{7A9E4F5A-3E9C-4D71-8ABC-63A760CE08D4}.RelWithDebInfo|x86.ActiveCfg = Release|Win32
		{7A9E4F5A-3E9C-4D71-8ABC-63A760CE08D4}.RelWithDebInfo|x86.Build.0 = Release|Win32
		{81CE8DAF-EBB2-4761-8E45-B71ABCCA8C68}.Debug|x64.ActiveCfg = Debug|x64
		{81CE8DAF-EBB2-4761-8E45-B71ABCCA8C68}.Debug|x64.Build.0 = Debug|x64
		{81CE8DAF-EBB2-4761-8E45-B71ABCCA8C68}.Debug|x86.ActiveCfg = Debug|Win32
		{81CE8DAF-EBB2-4761-8E45-B71ABCCA8C68}.Debug|x86.Build.0 = Debug|Win32
		{81CE8DAF-EBB2-4761-8E45-B71ABCCA8C68}.MinSizeRel|x64.ActiveCfg = Release|x64
		{81CE8DAF-EBB2-4761-8E45-B71ABCCA8C68}.MinSizeRel|x64.Build.0 = Release|x64
		{81CE8DAF-EBB2-4761-8E45-B71ABCCA8C68}.MinSizeRel|x86.ActiveCfg = Release|Win32
		{81CE8DAF-EBB2-4761-8E45-B71ABCCA8C68}.MinSizeRel|x86.Build.0 = Release|Win32
		{81CE8DAF-EBB2-4761-8E45-B71ABCCA8C68}.Release|x64.ActiveCfg = Release|x64
		{81CE8DAF-EBB2-4761-8E45-B71ABCCA8C68}.Release|x64.Build.0 = Release|x64
		{81CE8DAF-EBB2-4761-8E45-B71ABCCA8C68}.Release|x86.ActiveCfg = Release|Win32
		{81CE8DAF-EBB2-4761-8E45-B71ABCCA8C68}.Release|x86.Build.0 = Release|Win32
		{81CE8DAF-EBB2-4761-8E45-B71ABCCA8C68}.RelWithDebInfo|x64.ActiveCfg = Release|x64
		{81CE8DAF-EBB2-4761-8E45-B71ABCCA8C68}.RelWithDebInfo|x64.Build.0 = Release|x64
		{81CE8DAF-EBB2-4761-8E45-B71ABCCA8C68}.RelWithDebInfo|x86.ActiveCfg = Release|Win32
		{81CE8DAF-EBB2-4761-8E45-B71ABCCA8C68}.RelWithDebInfo|x86.Build.0 = Release|Win32
		{3A84BF6D-4447-4AC4-8B18-4CEEF5B45D7E}.Debug|x64.ActiveCfg = Debug|x64
		{3A84BF6D-4447-4AC4-8B18-4CEEF5B45D7E}.Debug|x64.Build.0 = Debug|x64
		{3A84BF6D-4447-4AC4-8B18-4CEEF5B45D7E}.Debug|x86.ActiveCfg = Debug|Win32
		{3A84BF6D-4447-4AC4-8B18-4CEEF5B45D7E}.Debug|x86.Build.0 = Debug|Win32
		{3A84BF6D-4447-4AC4-8B18-4CEEF5B45D7E}.MinSizeRel|x64.ActiveCfg = Release|x64
		{3A84BF6D-4447-4AC4-8B18-4CEEF5B45D7E}.MinSizeRel|x64.Build.0 = Release|x64
		{3A84BF6D-4447-4AC4-8B18-4CEEF5B45D7E}.MinSizeRel|x86.ActiveCfg = Release|Win32
		{3A84BF6D-4447-4AC4-8B18-4CEEF5B45D7E}.MinSizeRel|x86.Build.0 = Release|Win32
		{3A84BF6D-4447-4AC4-8B18-4CEEF5B45D7E}.Release|x64.ActiveCfg = Release|x64
		{3A84BF6D-4447-4AC4-8B18-4CEEF5B45D7E}.Release|x64.Build.0 = Release|x64
		{3A84BF6D-4447-4AC4-8B18-4CEEF5B45D7E}.Release|x86.ActiveCfg = Release|Win32
		{3A84BF6D-4447-4AC4-8B18-4CEEF5B45D7E}.Release|x86.Build.0 = Release|Win32
		{3A84BF6D-4447-4AC4-8B18-4CEEF5B45D7E}.RelWithDebInfo|x64.ActiveCfg = Release|x64
		{3A84BF6D-4447-4AC4-8B18-4CEEF5B45D7E}.RelWithDebInfo|x64.Build.0 = Release|x64
		{3A84BF6D-4447-4AC4-8B18-4CEEF5B45D7E}.RelWithDebInfo|x86.ActiveCfg = Release|Win32
		{3A84BF6D-4447-4AC4-8B18-4CEEF5B45D7E}.RelWithDebInfo|x86.Build.0 = Release|Win32
		{B8C69879-50F9-357A-A579-E362D28A7464}.Debug|x64.ActiveCfg = Debug|x64
		{B8C69879-50F9-357A-A579-E362D28A7464}.Debug|x64.Build.0 = Debug|x64
		{B8C69879-50F9-357A-A579-E362D28A7464}.Debug|x86.ActiveCfg = Debug|x64
		{B8C69879-50F9-357A-A579-E362D28A7464}.MinSizeRel|x64.ActiveCfg = MinSizeRel|x64
		{B8C69879-50F9-357A-A579-E362D28A7464}.MinSizeRel|x64.Build.0 = MinSizeRel|x64
		{B8C69879-50F9-357A-A579-E362D28A7464}.MinSizeRel|x86.ActiveCfg = MinSizeRel|x64
		{B8C69879-50F9-357A-A579-E362D28A7464}.Release|x64.ActiveCfg = Release|x64
		{B8C69879-50F9-357A-A579-E362D28A7464}.Release|x64.Build.0 = Release|x64
		{B8C69879-50F9-357A-A579-E362D28A7464}.Release|x86.ActiveCfg = Release|x64
		{B8C69879-50F9-357A-A579-E362D28A7464}.RelWithDebInfo|x64.ActiveCfg = RelWithDebInfo|x64
		{B8C69879-50F9-357A-A579-E362D28A7464}.RelWithDebInfo|x64.Build.0 = RelWithDebInfo|x64
		{B8C69879-50F9-357A-A579-E362D28A7464}.RelWithDebInfo|x86.ActiveCfg = RelWithDebInfo|x64
		{8D32B3DD-DA7F-4BC7-9B11-D6684A0A993B}.Debug|x64.ActiveCfg = Debug|x64
		{8D32B3DD-DA7F-4BC7-9B11-D6684A0A993B}.Debug|x64.Build.0 = Debug|x64
		{8D32B3DD-DA7F-4BC7-9B11-D6684A0A993B}.Debug|x86.ActiveCfg = Debug|Win32
		{8D32B3DD-DA7F-4BC7-9B11-D6684A0A993B}.Debug|x86.Build.0 = Debug|Win32
		{8D32B3DD-DA7F-4BC7-9B11-D6684A0A993B}.MinSizeRel|x64.ActiveCfg = Debug|x64
		{8D32B3DD-DA7F-4BC7-9B11-D6684A0A993B}.MinSizeRel|x64.Build.0 = Debug|x64
		{8D32B3DD-DA7F-4BC7-9B11-D6684A0A993B}.MinSizeRel|x86.ActiveCfg = Debug|Win32
		{8D32B3DD-DA7F-4BC7-9B11-D6684A0A993B}.MinSizeRel|x86.Build.0 = Debug|Win32
		{8D32B3DD-DA7F-4BC7-9B11-D6684A0A993B}.Release|x64.ActiveCfg = Release|x64
		{8D32B3DD-DA7F-4BC7-9B11-D6684A0A993B}.Release|x64.Build.0 = Release|x64
		{8D32B3DD-DA7F-4BC7-9B11-D6684A0A993B}.Release|x86.ActiveCfg = Release|Win32
		{8D32B3DD-DA7F-4BC7-9B11-D6684A0A993B}.Release|x86.Build.0 = Release|Win32
		{8D32B3DD-DA7F-4BC7-9B11-D6684A0A993B}.RelWithDebInfo|x64.ActiveCfg = Release|x64
		{8D32B3DD-DA7F-4BC7-9B11-D6684A0A993B}.RelWithDebInfo|x64.Build.0 = Release|x64
		{8D32B3DD-DA7F-4BC7-9B11-D6684A0A993B}.RelWithDebInfo|x86.ActiveCfg = Release|Win32
		{8D32B3DD-DA7F-4BC7-9B11-D6684A0A993B}.RelWithDebInfo|x86.Build.0 = Release|Win32
	EndGlobalSection
	GlobalSection(SolutionProperties) = preSolution
		HideSolutionNode = FALSE
	EndGlobalSection
	GlobalSection(NestedProjects) = preSolution
		{EBF63DF4-1D71-45A2-9B88-D5005F6E30DF} = {92958335-B1F8-4F53-B4F2-3ED8D0A571F3}
		{86FA7807-97DD-432B-BAFD-4B8304762DEA} = {17F7A9E1-A58A-40A7-AA18-B7761ACBAF7E}
		{78B079BD-9FC7-4B9E-B4A6-96DA0F00248B} = {E6AA772D-C9EF-47CE-9314-9A1860D2373A}
		{2D5343E1-C4C3-43FB-AB12-234001B3F5DD} = {17F7A9E1-A58A-40A7-AA18-B7761ACBAF7E}
		{39E6AF97-6BA3-4A72-8C61-BCEBF214EBFD} = {E6AA772D-C9EF-47CE-9314-9A1860D2373A}
		{D1C528B6-AA02-4D29-9D61-DC08E317A70D} = {E6AA772D-C9EF-47CE-9314-9A1860D2373A}
		{7A9E4F5A-3E9C-4D71-8ABC-63A760CE08D4} = {E6AA772D-C9EF-47CE-9314-9A1860D2373A}
		{81CE8DAF-EBB2-4761-8E45-B71ABCCA8C68} = {17F7A9E1-A58A-40A7-AA18-B7761ACBAF7E}
		{3A84BF6D-4447-4AC4-8B18-4CEEF5B45D7E} = {17F7A9E1-A58A-40A7-AA18-B7761ACBAF7E}
		{B8C69879-50F9-357A-A579-E362D28A7464} = {E6AA772D-C9EF-47CE-9314-9A1860D2373A}
		{8D32B3DD-DA7F-4BC7-9B11-D6684A0A993B} = {92958335-B1F8-4F53-B4F2-3ED8D0A571F3}
	EndGlobalSection
	GlobalSection(ExtensibilityGlobals) = postSolution
		SolutionGuid = {772A56BD-A12C-4016-A5D4-81F5EE9472F8}
	EndGlobalSection
EndGlobal
