
Microsoft Visual Studio Solution File, Format Version 12.00
# Visual Studio 15
VisualStudioVersion = 15.0.26430.14
MinimumVisualStudioVersion = 10.0.40219.1
Project("{8BC9CEB8-8B4A-11D0-8D11-00A0C91BC942}") = "bbruntime", "Src\Engine\bbruntime\bbruntime.vcxproj", "{C91984FA-1292-4172-9124-160B341C8D87}"
	ProjectSection(ProjectDependencies) = postProject
		{60BB991F-8721-4A17-9F70-79D0EE5507FA} = {60BB991F-8721-4A17-9F70-79D0EE5507FA}
		{4D936323-B459-429E-B192-39B9290E3883} = {4D936323-B459-429E-B192-39B9290E3883}
		{EC04D125-90B0-495F-A0DB-367DC6215E42} = {EC04D125-90B0-495F-A0DB-367DC6215E42}
		{A124D746-4A3B-401D-AE99-6A838595BC8C} = {A124D746-4A3B-401D-AE99-6A838595BC8C}
		{7FEB7D92-C789-4A2C-B1F3-06C54CE276EE} = {7FEB7D92-C789-4A2C-B1F3-06C54CE276EE}
		{80D29696-DA27-4767-B736-AF0B0DCE4500} = {80D29696-DA27-4767-B736-AF0B0DCE4500}
		{0C7BD7A8-5A0A-4CED-A18B-DB7187C2CF0D} = {0C7BD7A8-5A0A-4CED-A18B-DB7187C2CF0D}
	EndProjectSection
EndProject
Project("{8BC9CEB8-8B4A-11D0-8D11-00A0C91BC942}") = "blitz3d", "Src\Engine\blitz3d\blitz3d.vcxproj", "{60BB991F-8721-4A17-9F70-79D0EE5507FA}"
EndProject
Project("{8BC9CEB8-8B4A-11D0-8D11-00A0C91BC942}") = "gxruntime", "Src\Engine\gxruntime\gxruntime.vcxproj", "{A124D746-4A3B-401D-AE99-6A838595BC8C}"
	ProjectSection(ProjectDependencies) = postProject
		{60BB991F-8721-4A17-9F70-79D0EE5507FA} = {60BB991F-8721-4A17-9F70-79D0EE5507FA}
		{4D936323-B459-429E-B192-39B9290E3883} = {4D936323-B459-429E-B192-39B9290E3883}
		{EC04D125-90B0-495F-A0DB-367DC6215E42} = {EC04D125-90B0-495F-A0DB-367DC6215E42}
		{7FEB7D92-C789-4A2C-B1F3-06C54CE276EE} = {7FEB7D92-C789-4A2C-B1F3-06C54CE276EE}
		{80D29696-DA27-4767-B736-AF0B0DCE4500} = {80D29696-DA27-4767-B736-AF0B0DCE4500}
		{0C7BD7A8-5A0A-4CED-A18B-DB7187C2CF0D} = {0C7BD7A8-5A0A-4CED-A18B-DB7187C2CF0D}
	EndProjectSection
EndProject
Project("{8BC9CEB8-8B4A-11D0-8D11-00A0C91BC942}") = "stdutil", "Src\Engine\stdutil\stdutil.vcxproj", "{EC04D125-90B0-495F-A0DB-367DC6215E42}"
EndProject
Project("{8BC9CEB8-8B4A-11D0-8D11-00A0C91BC942}") = "FreeImageLib", "Src\Engine\freeimage\FreeImageLib\FreeImageLib.vcxproj", "{0C7BD7A8-5A0A-4CED-A18B-DB7187C2CF0D}"
	ProjectSection(ProjectDependencies) = postProject
		{4D936323-B459-429E-B192-39B9290E3883} = {4D936323-B459-429E-B192-39B9290E3883}
		{7FEB7D92-C789-4A2C-B1F3-06C54CE276EE} = {7FEB7D92-C789-4A2C-B1F3-06C54CE276EE}
		{80D29696-DA27-4767-B736-AF0B0DCE4500} = {80D29696-DA27-4767-B736-AF0B0DCE4500}
	EndProjectSection
EndProject
Project("{8BC9CEB8-8B4A-11D0-8D11-00A0C91BC942}") = "ZLib", "Src\Engine\freeimage\ZLib\ZLib.vcxproj", "{7FEB7D92-C789-4A2C-B1F3-06C54CE276EE}"
EndProject
Project("{8BC9CEB8-8B4A-11D0-8D11-00A0C91BC942}") = "LibPNG", "Src\Engine\freeimage\LibPNG\LibPNG.vcxproj", "{80D29696-DA27-4767-B736-AF0B0DCE4500}"
EndProject
Project("{8BC9CEB8-8B4A-11D0-8D11-00A0C91BC942}") = "LibJPEG", "Src\Engine\freeimage\LibJPEG\LibJPEG.vcxproj", "{4D936323-B459-429E-B192-39B9290E3883}"
EndProject
Project("{2150E333-8FDC-42A3-9474-1A3956D46DE8}") = "Engine", "Engine", "{E6AA772D-C9EF-47CE-9314-9A1860D2373A}"
EndProject
Project("{2150E333-8FDC-42A3-9474-1A3956D46DE8}") = "SCPCB", "SCPCB", "{92958335-B1F8-4F53-B4F2-3ED8D0A571F3}"
EndProject
Project("{8BC9CEB8-8B4A-11D0-8D11-00A0C91BC942}") = "SCPCB", "Src\SCPCB\SCPCB.vcxproj", "{EBF63DF4-1D71-45A2-9B88-D5005F6E30DF}"
	ProjectSection(ProjectDependencies) = postProject
		{60BB991F-8721-4A17-9F70-79D0EE5507FA} = {60BB991F-8721-4A17-9F70-79D0EE5507FA}
		{4D936323-B459-429E-B192-39B9290E3883} = {4D936323-B459-429E-B192-39B9290E3883}
		{EC04D125-90B0-495F-A0DB-367DC6215E42} = {EC04D125-90B0-495F-A0DB-367DC6215E42}
		{A124D746-4A3B-401D-AE99-6A838595BC8C} = {A124D746-4A3B-401D-AE99-6A838595BC8C}
		{7FEB7D92-C789-4A2C-B1F3-06C54CE276EE} = {7FEB7D92-C789-4A2C-B1F3-06C54CE276EE}
		{80D29696-DA27-4767-B736-AF0B0DCE4500} = {80D29696-DA27-4767-B736-AF0B0DCE4500}
		{0C7BD7A8-5A0A-4CED-A18B-DB7187C2CF0D} = {0C7BD7A8-5A0A-4CED-A18B-DB7187C2CF0D}
		{C91984FA-1292-4172-9124-160B341C8D87} = {C91984FA-1292-4172-9124-160B341C8D87}
	EndProjectSection
EndProject
Project("{8BC9CEB8-8B4A-11D0-8D11-00A0C91BC942}") = "RuntimeTest", "Src\RuntimeTest\RuntimeTest.vcxproj", "{F3F71C19-BCBA-4051-86D5-82AA2A5833F3}"
	ProjectSection(ProjectDependencies) = postProject
		{60BB991F-8721-4A17-9F70-79D0EE5507FA} = {60BB991F-8721-4A17-9F70-79D0EE5507FA}
		{4D936323-B459-429E-B192-39B9290E3883} = {4D936323-B459-429E-B192-39B9290E3883}
		{EC04D125-90B0-495F-A0DB-367DC6215E42} = {EC04D125-90B0-495F-A0DB-367DC6215E42}
		{A124D746-4A3B-401D-AE99-6A838595BC8C} = {A124D746-4A3B-401D-AE99-6A838595BC8C}
		{7FEB7D92-C789-4A2C-B1F3-06C54CE276EE} = {7FEB7D92-C789-4A2C-B1F3-06C54CE276EE}
		{80D29696-DA27-4767-B736-AF0B0DCE4500} = {80D29696-DA27-4767-B736-AF0B0DCE4500}
		{0C7BD7A8-5A0A-4CED-A18B-DB7187C2CF0D} = {0C7BD7A8-5A0A-4CED-A18B-DB7187C2CF0D}
		{C91984FA-1292-4172-9124-160B341C8D87} = {C91984FA-1292-4172-9124-160B341C8D87}
	EndProjectSection
EndProject
Global
	GlobalSection(SolutionConfigurationPlatforms) = preSolution
		Debug|x64 = Debug|x64
		Debug|x86 = Debug|x86
		Release|x64 = Release|x64
		Release|x86 = Release|x86
	EndGlobalSection
	GlobalSection(ProjectConfigurationPlatforms) = postSolution
		{C91984FA-1292-4172-9124-160B341C8D87}.Debug|x64.ActiveCfg = Debug|x64
		{C91984FA-1292-4172-9124-160B341C8D87}.Debug|x64.Build.0 = Debug|x64
		{C91984FA-1292-4172-9124-160B341C8D87}.Debug|x86.ActiveCfg = Debug|Win32
		{C91984FA-1292-4172-9124-160B341C8D87}.Debug|x86.Build.0 = Debug|Win32
		{C91984FA-1292-4172-9124-160B341C8D87}.Release|x64.ActiveCfg = Release|x64
		{C91984FA-1292-4172-9124-160B341C8D87}.Release|x64.Build.0 = Release|x64
		{C91984FA-1292-4172-9124-160B341C8D87}.Release|x86.ActiveCfg = Release|Win32
		{C91984FA-1292-4172-9124-160B341C8D87}.Release|x86.Build.0 = Release|Win32
		{60BB991F-8721-4A17-9F70-79D0EE5507FA}.Debug|x64.ActiveCfg = Debug|x64
		{60BB991F-8721-4A17-9F70-79D0EE5507FA}.Debug|x64.Build.0 = Debug|x64
		{60BB991F-8721-4A17-9F70-79D0EE5507FA}.Debug|x86.ActiveCfg = Debug|Win32
		{60BB991F-8721-4A17-9F70-79D0EE5507FA}.Debug|x86.Build.0 = Debug|Win32
		{60BB991F-8721-4A17-9F70-79D0EE5507FA}.Release|x64.ActiveCfg = Release|x64
		{60BB991F-8721-4A17-9F70-79D0EE5507FA}.Release|x64.Build.0 = Release|x64
		{60BB991F-8721-4A17-9F70-79D0EE5507FA}.Release|x86.ActiveCfg = Release|Win32
		{60BB991F-8721-4A17-9F70-79D0EE5507FA}.Release|x86.Build.0 = Release|Win32
		{A124D746-4A3B-401D-AE99-6A838595BC8C}.Debug|x64.ActiveCfg = Debug|x64
		{A124D746-4A3B-401D-AE99-6A838595BC8C}.Debug|x64.Build.0 = Debug|x64
		{A124D746-4A3B-401D-AE99-6A838595BC8C}.Debug|x86.ActiveCfg = Debug|Win32
		{A124D746-4A3B-401D-AE99-6A838595BC8C}.Debug|x86.Build.0 = Debug|Win32
		{A124D746-4A3B-401D-AE99-6A838595BC8C}.Release|x64.ActiveCfg = Release|x64
		{A124D746-4A3B-401D-AE99-6A838595BC8C}.Release|x64.Build.0 = Release|x64
		{A124D746-4A3B-401D-AE99-6A838595BC8C}.Release|x86.ActiveCfg = Release|Win32
		{A124D746-4A3B-401D-AE99-6A838595BC8C}.Release|x86.Build.0 = Release|Win32
		{EC04D125-90B0-495F-A0DB-367DC6215E42}.Debug|x64.ActiveCfg = Debug|x64
		{EC04D125-90B0-495F-A0DB-367DC6215E42}.Debug|x64.Build.0 = Debug|x64
		{EC04D125-90B0-495F-A0DB-367DC6215E42}.Debug|x86.ActiveCfg = Debug|Win32
		{EC04D125-90B0-495F-A0DB-367DC6215E42}.Debug|x86.Build.0 = Debug|Win32
		{EC04D125-90B0-495F-A0DB-367DC6215E42}.Release|x64.ActiveCfg = Release|x64
		{EC04D125-90B0-495F-A0DB-367DC6215E42}.Release|x64.Build.0 = Release|x64
		{EC04D125-90B0-495F-A0DB-367DC6215E42}.Release|x86.ActiveCfg = Release|Win32
		{EC04D125-90B0-495F-A0DB-367DC6215E42}.Release|x86.Build.0 = Release|Win32
		{0C7BD7A8-5A0A-4CED-A18B-DB7187C2CF0D}.Debug|x64.ActiveCfg = Debug|x64
		{0C7BD7A8-5A0A-4CED-A18B-DB7187C2CF0D}.Debug|x64.Build.0 = Debug|x64
		{0C7BD7A8-5A0A-4CED-A18B-DB7187C2CF0D}.Debug|x86.ActiveCfg = Debug|Win32
		{0C7BD7A8-5A0A-4CED-A18B-DB7187C2CF0D}.Debug|x86.Build.0 = Debug|Win32
		{0C7BD7A8-5A0A-4CED-A18B-DB7187C2CF0D}.Release|x64.ActiveCfg = Release|x64
		{0C7BD7A8-5A0A-4CED-A18B-DB7187C2CF0D}.Release|x64.Build.0 = Release|x64
		{0C7BD7A8-5A0A-4CED-A18B-DB7187C2CF0D}.Release|x86.ActiveCfg = Release|Win32
		{0C7BD7A8-5A0A-4CED-A18B-DB7187C2CF0D}.Release|x86.Build.0 = Release|Win32
		{7FEB7D92-C789-4A2C-B1F3-06C54CE276EE}.Debug|x64.ActiveCfg = Debug|x64
		{7FEB7D92-C789-4A2C-B1F3-06C54CE276EE}.Debug|x64.Build.0 = Debug|x64
		{7FEB7D92-C789-4A2C-B1F3-06C54CE276EE}.Debug|x86.ActiveCfg = Debug|Win32
		{7FEB7D92-C789-4A2C-B1F3-06C54CE276EE}.Debug|x86.Build.0 = Debug|Win32
		{7FEB7D92-C789-4A2C-B1F3-06C54CE276EE}.Release|x64.ActiveCfg = Release|x64
		{7FEB7D92-C789-4A2C-B1F3-06C54CE276EE}.Release|x64.Build.0 = Release|x64
		{7FEB7D92-C789-4A2C-B1F3-06C54CE276EE}.Release|x86.ActiveCfg = Release|Win32
		{7FEB7D92-C789-4A2C-B1F3-06C54CE276EE}.Release|x86.Build.0 = Release|Win32
		{80D29696-DA27-4767-B736-AF0B0DCE4500}.Debug|x64.ActiveCfg = Debug|x64
		{80D29696-DA27-4767-B736-AF0B0DCE4500}.Debug|x64.Build.0 = Debug|x64
		{80D29696-DA27-4767-B736-AF0B0DCE4500}.Debug|x86.ActiveCfg = Debug|Win32
		{80D29696-DA27-4767-B736-AF0B0DCE4500}.Debug|x86.Build.0 = Debug|Win32
		{80D29696-DA27-4767-B736-AF0B0DCE4500}.Release|x64.ActiveCfg = Release|x64
		{80D29696-DA27-4767-B736-AF0B0DCE4500}.Release|x64.Build.0 = Release|x64
		{80D29696-DA27-4767-B736-AF0B0DCE4500}.Release|x86.ActiveCfg = Release|Win32
		{80D29696-DA27-4767-B736-AF0B0DCE4500}.Release|x86.Build.0 = Release|Win32
		{4D936323-B459-429E-B192-39B9290E3883}.Debug|x64.ActiveCfg = Debug|x64
		{4D936323-B459-429E-B192-39B9290E3883}.Debug|x64.Build.0 = Debug|x64
		{4D936323-B459-429E-B192-39B9290E3883}.Debug|x86.ActiveCfg = Debug|Win32
		{4D936323-B459-429E-B192-39B9290E3883}.Debug|x86.Build.0 = Debug|Win32
		{4D936323-B459-429E-B192-39B9290E3883}.Release|x64.ActiveCfg = Release|x64
		{4D936323-B459-429E-B192-39B9290E3883}.Release|x64.Build.0 = Release|x64
		{4D936323-B459-429E-B192-39B9290E3883}.Release|x86.ActiveCfg = Release|Win32
		{4D936323-B459-429E-B192-39B9290E3883}.Release|x86.Build.0 = Release|Win32
		{EBF63DF4-1D71-45A2-9B88-D5005F6E30DF}.Debug|x64.ActiveCfg = Debug|x64
		{EBF63DF4-1D71-45A2-9B88-D5005F6E30DF}.Debug|x64.Build.0 = Debug|x64
		{EBF63DF4-1D71-45A2-9B88-D5005F6E30DF}.Debug|x86.ActiveCfg = Debug|Win32
		{EBF63DF4-1D71-45A2-9B88-D5005F6E30DF}.Debug|x86.Build.0 = Debug|Win32
		{EBF63DF4-1D71-45A2-9B88-D5005F6E30DF}.Release|x64.ActiveCfg = Release|x64
		{EBF63DF4-1D71-45A2-9B88-D5005F6E30DF}.Release|x64.Build.0 = Release|x64
		{EBF63DF4-1D71-45A2-9B88-D5005F6E30DF}.Release|x86.ActiveCfg = Release|Win32
		{EBF63DF4-1D71-45A2-9B88-D5005F6E30DF}.Release|x86.Build.0 = Release|Win32
		{F3F71C19-BCBA-4051-86D5-82AA2A5833F3}.Debug|x64.ActiveCfg = Debug|x64
		{F3F71C19-BCBA-4051-86D5-82AA2A5833F3}.Debug|x64.Build.0 = Debug|x64
		{F3F71C19-BCBA-4051-86D5-82AA2A5833F3}.Debug|x86.ActiveCfg = Debug|Win32
		{F3F71C19-BCBA-4051-86D5-82AA2A5833F3}.Debug|x86.Build.0 = Debug|Win32
		{F3F71C19-BCBA-4051-86D5-82AA2A5833F3}.Release|x64.ActiveCfg = Release|x64
		{F3F71C19-BCBA-4051-86D5-82AA2A5833F3}.Release|x64.Build.0 = Release|x64
		{F3F71C19-BCBA-4051-86D5-82AA2A5833F3}.Release|x86.ActiveCfg = Release|Win32
		{F3F71C19-BCBA-4051-86D5-82AA2A5833F3}.Release|x86.Build.0 = Release|Win32
	EndGlobalSection
	GlobalSection(SolutionProperties) = preSolution
		HideSolutionNode = FALSE
	EndGlobalSection
	GlobalSection(NestedProjects) = preSolution
		{C91984FA-1292-4172-9124-160B341C8D87} = {E6AA772D-C9EF-47CE-9314-9A1860D2373A}
		{60BB991F-8721-4A17-9F70-79D0EE5507FA} = {E6AA772D-C9EF-47CE-9314-9A1860D2373A}
		{A124D746-4A3B-401D-AE99-6A838595BC8C} = {E6AA772D-C9EF-47CE-9314-9A1860D2373A}
		{EC04D125-90B0-495F-A0DB-367DC6215E42} = {E6AA772D-C9EF-47CE-9314-9A1860D2373A}
		{0C7BD7A8-5A0A-4CED-A18B-DB7187C2CF0D} = {E6AA772D-C9EF-47CE-9314-9A1860D2373A}
		{7FEB7D92-C789-4A2C-B1F3-06C54CE276EE} = {E6AA772D-C9EF-47CE-9314-9A1860D2373A}
		{80D29696-DA27-4767-B736-AF0B0DCE4500} = {E6AA772D-C9EF-47CE-9314-9A1860D2373A}
		{4D936323-B459-429E-B192-39B9290E3883} = {E6AA772D-C9EF-47CE-9314-9A1860D2373A}
		{EBF63DF4-1D71-45A2-9B88-D5005F6E30DF} = {92958335-B1F8-4F53-B4F2-3ED8D0A571F3}
		{F3F71C19-BCBA-4051-86D5-82AA2A5833F3} = {92958335-B1F8-4F53-B4F2-3ED8D0A571F3}
	EndGlobalSection
	GlobalSection(ExtensibilityGlobals) = postSolution
		SolutionGuid = {91E3F8F3-F6D5-41CC-A691-3CDFFDF21DD9}
	EndGlobalSection
EndGlobal
