<?xml version="1.0" encoding="utf-8"?>
<Project ToolsVersion="16.0" xmlns="http://schemas.microsoft.com/developer/msbuild/2003">
  <ItemGroup>
    <CustomBuild Include="C:\Users\Admin\Desktop\cbn\Libraries\openvr-1.12.5\CMakeFiles\55821c410bca95eccb214a8c8ab9d00b\generate.stamp.rule">
      <Filter>CMake Rules</Filter>
    </CustomBuild>
  </ItemGroup>
  <ItemGroup>
    <Filter Include="CMake Rules">
      <UniqueIdentifier>{B260AF3A-6651-351B-8A8C-60B622393348}</UniqueIdentifier>
    </Filter>
  </ItemGroup>
</Project>
