// !$*UTF8*$!
{
	archiveVersion = 1;
	classes = {
	};
	objectVersion = 50;
	objects = {

/* Begin PBXBuildFile section */
		190E9C342257866500A59243 /* Assets.xcassets in Resources */ = {isa = PBXBuildFile; fileRef = 190E9C332257866500A59243 /* Assets.xcassets */; };
		190E9C372257866500A59243 /* Main.storyboard in Resources */ = {isa = PBXBuildFile; fileRef = 190E9C352257866500A59243 /* Main.storyboard */; };
		1910375C22A9A3B5005A1AA0 /* Graphics.cpp in Sources */ = {isa = PBXBuildFile; fileRef = 1910375B22A9A3B5005A1AA0 /* Graphics.cpp */; };
		191A23B322C2C20F009DC558 /* UIAssets.cpp in Sources */ = {isa = PBXBuildFile; fileRef = 191A23AC22C2C20F009DC558 /* UIAssets.cpp */; };
		191A23B422C2C20F009DC558 /* GUIButton.cpp in Sources */ = {isa = PBXBuildFile; fileRef = 191A23B022C2C20F009DC558 /* GUIButton.cpp */; };
		191A23B522C2C20F009DC558 /* GUI.cpp in Sources */ = {isa = PBXBuildFile; fileRef = 191A23B222C2C20F009DC558 /* GUI.cpp */; };
		191BDD9822A844FF00270B9D /* TextMgmt.cpp in Sources */ = {isa = PBXBuildFile; fileRef = 191BDD9722A844FF00270B9D /* TextMgmt.cpp */; };
		191BDDA822A8458000270B9D /* libEngine.a in Frameworks */ = {isa = PBXBuildFile; fileRef = 191BDDA722A8457700270B9D /* libEngine.a */; };
		191BDDB122A846EE00270B9D /* CollisionMesh.cpp in Sources */ = {isa = PBXBuildFile; fileRef = 191BDDAA22A846EE00270B9D /* CollisionMesh.cpp */; };
		191BDDB222A846EE00270B9D /* Collision.cpp in Sources */ = {isa = PBXBuildFile; fileRef = 191BDDAD22A846EE00270B9D /* Collision.cpp */; };
		191BDDB322A846EE00270B9D /* PlayerController.cpp in Sources */ = {isa = PBXBuildFile; fileRef = 191BDDAF22A846EE00270B9D /* PlayerController.cpp */; };
		191BDDB622A846F600270B9D /* INI.cpp in Sources */ = {isa = PBXBuildFile; fileRef = 191BDDB422A846F600270B9D /* INI.cpp */; };
		191BDDB922A84F7700270B9D /* FileUtil.cpp in Sources */ = {isa = PBXBuildFile; fileRef = 191BDDB822A84F7700270B9D /* FileUtil.cpp */; };
		191BDDBB22A8547E00270B9D /* SDL2.framework in Frameworks */ = {isa = PBXBuildFile; fileRef = 191BDDBA22A8547E00270B9D /* SDL2.framework */; };
		191BDDBD22A854A900270B9D /* SDL2.framework in Copy Bundle Frameworks */ = {isa = PBXBuildFile; fileRef = 191BDDBA22A8547E00270B9D /* SDL2.framework */; settings = {ATTRIBUTES = (CodeSignOnCopy, RemoveHeadersOnCopy, ); }; };
		191BDDBF22A8551A00270B9D /* Main.cpp in Sources */ = {isa = PBXBuildFile; fileRef = 191BDDBE22A8551A00270B9D /* Main.cpp */; };
		19243C1622BC295C0057054D /* PauseMenu.cpp in Sources */ = {isa = PBXBuildFile; fileRef = 19243C1522BC295C0057054D /* PauseMenu.cpp */; };
		1927734122A85D500055EB30 /* Dummy.txt in Resources */ = {isa = PBXBuildFile; fileRef = 1927733F22A85D500055EB30 /* Dummy.txt */; };
		192A67A622C43CBA009A6F1E /* GUIFrame.cpp in Sources */ = {isa = PBXBuildFile; fileRef = 192A67A522C43CBA009A6F1E /* GUIFrame.cpp */; };
		1931B60522AEEFEA00A48B13 /* ShaderManager.cpp in Sources */ = {isa = PBXBuildFile; fileRef = 1931B60422AEEFEA00A48B13 /* ShaderManager.cpp */; };
		1934815722B9B9A60039F47E /* MathUtil.cpp in Sources */ = {isa = PBXBuildFile; fileRef = 1934815622B9B9A60039F47E /* MathUtil.cpp */; };
		194C2F742257874800AB9902 /* Loadingscreens in Resources */ = {isa = PBXBuildFile; fileRef = 194C2F702257874800AB9902 /* Loadingscreens */; };
		194C2F752257874800AB9902 /* Data in Resources */ = {isa = PBXBuildFile; fileRef = 194C2F712257874800AB9902 /* Data */; };
		194C2F762257874800AB9902 /* SFX in Resources */ = {isa = PBXBuildFile; fileRef = 194C2F722257874800AB9902 /* SFX */; };
		194C2F772257874800AB9902 /* GFX in Resources */ = {isa = PBXBuildFile; fileRef = 194C2F732257874800AB9902 /* GFX */; };
		19646FC022A9FAB4005E027E /* World.cpp in Sources */ = {isa = PBXBuildFile; fileRef = 19646FBF22A9FAB4005E027E /* World.cpp */; };
		19646FC322A9FB6D005E027E /* Timing.cpp in Sources */ = {isa = PBXBuildFile; fileRef = 19646FC222A9FB6D005E027E /* Timing.cpp */; };
		19646FC822AA082D005E027E /* IO.cpp in Sources */ = {isa = PBXBuildFile; fileRef = 19646FC722AA082D005E027E /* IO.cpp */; };
		1971577A22BEB776003AF33E /* Config.cpp in Sources */ = {isa = PBXBuildFile; fileRef = 1971577922BEB776003AF33E /* Config.cpp */; };
		1971577C22BEB9CB003AF33E /* AppDelegate.h in Sources */ = {isa = PBXBuildFile; fileRef = 1971577B22BEB9CB003AF33E /* AppDelegate.h */; };
		1971577E22BEB9EC003AF33E /* AppDelegate.m in Sources */ = {isa = PBXBuildFile; fileRef = 1971577D22BEB9EC003AF33E /* AppDelegate.m */; };
		19C1965D22BD532F00332C8E /* UIMesh.cpp in Sources */ = {isa = PBXBuildFile; fileRef = 19C1965C22BD532F00332C8E /* UIMesh.cpp */; };
		19E258DF22AED859002933BF /* Material.cpp in Sources */ = {isa = PBXBuildFile; fileRef = 19E258DE22AED859002933BF /* Material.cpp */; };
		19F17E9E22AD71580061F643 /* Texture.cpp in Sources */ = {isa = PBXBuildFile; fileRef = 19F17E9D22AD71580061F643 /* Texture.cpp */; };
		19F17EA222AD73510061F643 /* ThreadManager.cpp in Sources */ = {isa = PBXBuildFile; fileRef = 19F17EA122AD73510061F643 /* ThreadManager.cpp */; };
		19F17EA522AD78F20061F643 /* Shader.cpp in Sources */ = {isa = PBXBuildFile; fileRef = 19F17EA422AD78F20061F643 /* Shader.cpp */; };
		19F17EA922AD79A00061F643 /* Sprite.cpp in Sources */ = {isa = PBXBuildFile; fileRef = 19F17EA822AD79A00061F643 /* Sprite.cpp */; };
		19F17EAC22AD82940061F643 /* Camera.cpp in Sources */ = {isa = PBXBuildFile; fileRef = 19F17EAB22AD82940061F643 /* Camera.cpp */; };
		19F17EAF22AD90830061F643 /* Mesh.cpp in Sources */ = {isa = PBXBuildFile; fileRef = 19F17EAE22AD90830061F643 /* Mesh.cpp */; };
		19FC31C922C0533100AE4011 /* Binding.cpp in Sources */ = {isa = PBXBuildFile; fileRef = 19FC31C822C0533100AE4011 /* Binding.cpp */; };
		19FC31CC22C0736A00AE4011 /* KeyBinds.cpp in Sources */ = {isa = PBXBuildFile; fileRef = 19FC31CB22C0736A00AE4011 /* KeyBinds.cpp */; };
/* End PBXBuildFile section */

/* Begin PBXContainerItemProxy section */
		191BDDA622A8457700270B9D /* PBXContainerItemProxy */ = {
			isa = PBXContainerItemProxy;
			containerPortal = 191BDD9A22A8457700270B9D /* Engine.xcodeproj */;
			proxyType = 2;
			remoteGlobalIDString = 194AA01E2209FF3800837F38;
			remoteInfo = Engine;
		};
/* End PBXContainerItemProxy section */

/* Begin PBXCopyFilesBuildPhase section */
		191BDDBC22A8549700270B9D /* Copy Bundle Frameworks */ = {
			isa = PBXCopyFilesBuildPhase;
			buildActionMask = 2147483647;
			dstPath = "";
			dstSubfolderSpec = 10;
			files = (
				191BDDBD22A854A900270B9D /* SDL2.framework in Copy Bundle Frameworks */,
			);
			name = "Copy Bundle Frameworks";
			runOnlyForDeploymentPostprocessing = 0;
		};
/* End PBXCopyFilesBuildPhase section */

/* Begin PBXFileReference section */
		190E9C282257866300A59243 /* SCPCB.app */ = {isa = PBXFileReference; explicitFileType = wrapper.application; includeInIndex = 0; path = SCPCB.app; sourceTree = BUILT_PRODUCTS_DIR; };
		190E9C332257866500A59243 /* Assets.xcassets */ = {isa = PBXFileReference; lastKnownFileType = folder.assetcatalog; path = Assets.xcassets; sourceTree = "<group>"; };
		190E9C362257866500A59243 /* Base */ = {isa = PBXFileReference; lastKnownFileType = file.storyboard; name = Base; path = Base.lproj/Main.storyboard; sourceTree = "<group>"; };
		190E9C382257866500A59243 /* Info.plist */ = {isa = PBXFileReference; lastKnownFileType = text.plist.xml; path = Info.plist; sourceTree = "<group>"; };
		190E9C3B2257866500A59243 /* SCPCB.entitlements */ = {isa = PBXFileReference; lastKnownFileType = text.plist.entitlements; path = SCPCB.entitlements; sourceTree = "<group>"; };
		1910375A22A9A3B5005A1AA0 /* Graphics.h */ = {isa = PBXFileReference; lastKnownFileType = sourcecode.c.h; path = Graphics.h; sourceTree = "<group>"; };
		1910375B22A9A3B5005A1AA0 /* Graphics.cpp */ = {isa = PBXFileReference; lastKnownFileType = sourcecode.cpp.cpp; path = Graphics.cpp; sourceTree = "<group>"; };
		191A23AC22C2C20F009DC558 /* UIAssets.cpp */ = {isa = PBXFileReference; fileEncoding = 4; lastKnownFileType = sourcecode.cpp.cpp; path = UIAssets.cpp; sourceTree = "<group>"; };
		191A23AD22C2C20F009DC558 /* UIAssets.h */ = {isa = PBXFileReference; fileEncoding = 4; lastKnownFileType = sourcecode.c.h; path = UIAssets.h; sourceTree = "<group>"; };
		191A23AF22C2C20F009DC558 /* GUIButton.h */ = {isa = PBXFileReference; fileEncoding = 4; lastKnownFileType = sourcecode.c.h; path = GUIButton.h; sourceTree = "<group>"; };
		191A23B022C2C20F009DC558 /* GUIButton.cpp */ = {isa = PBXFileReference; fileEncoding = 4; lastKnownFileType = sourcecode.cpp.cpp; path = GUIButton.cpp; sourceTree = "<group>"; };
		191A23B122C2C20F009DC558 /* GUI.h */ = {isa = PBXFileReference; fileEncoding = 4; lastKnownFileType = sourcecode.c.h; path = GUI.h; sourceTree = "<group>"; };
		191A23B222C2C20F009DC558 /* GUI.cpp */ = {isa = PBXFileReference; fileEncoding = 4; lastKnownFileType = sourcecode.cpp.cpp; path = GUI.cpp; sourceTree = "<group>"; };
		191BDD9622A844FF00270B9D /* TextMgmt.h */ = {isa = PBXFileReference; fileEncoding = 4; lastKnownFileType = sourcecode.c.h; path = TextMgmt.h; sourceTree = "<group>"; };
		191BDD9722A844FF00270B9D /* TextMgmt.cpp */ = {isa = PBXFileReference; fileEncoding = 4; lastKnownFileType = sourcecode.cpp.cpp; path = TextMgmt.cpp; sourceTree = "<group>"; };
		191BDD9A22A8457700270B9D /* Engine.xcodeproj */ = {isa = PBXFileReference; lastKnownFileType = "wrapper.pb-project"; name = Engine.xcodeproj; path = ../Engine/macOS/Engine/Engine.xcodeproj; sourceTree = "<group>"; };
		191BDDAA22A846EE00270B9D /* CollisionMesh.cpp */ = {isa = PBXFileReference; fileEncoding = 4; lastKnownFileType = sourcecode.cpp.cpp; path = CollisionMesh.cpp; sourceTree = "<group>"; };
		191BDDAB22A846EE00270B9D /* Collision.h */ = {isa = PBXFileReference; fileEncoding = 4; lastKnownFileType = sourcecode.c.h; path = Collision.h; sourceTree = "<group>"; };
		191BDDAC22A846EE00270B9D /* CollisionMesh.h */ = {isa = PBXFileReference; fileEncoding = 4; lastKnownFileType = sourcecode.c.h; path = CollisionMesh.h; sourceTree = "<group>"; };
		191BDDAD22A846EE00270B9D /* Collision.cpp */ = {isa = PBXFileReference; fileEncoding = 4; lastKnownFileType = sourcecode.cpp.cpp; path = Collision.cpp; sourceTree = "<group>"; };
		191BDDAF22A846EE00270B9D /* PlayerController.cpp */ = {isa = PBXFileReference; fileEncoding = 4; lastKnownFileType = sourcecode.cpp.cpp; path = PlayerController.cpp; sourceTree = "<group>"; };
		191BDDB022A846EE00270B9D /* PlayerController.h */ = {isa = PBXFileReference; fileEncoding = 4; lastKnownFileType = sourcecode.c.h; path = PlayerController.h; sourceTree = "<group>"; };
		191BDDB422A846F600270B9D /* INI.cpp */ = {isa = PBXFileReference; fileEncoding = 4; lastKnownFileType = sourcecode.cpp.cpp; path = INI.cpp; sourceTree = "<group>"; };
		191BDDB522A846F600270B9D /* INI.h */ = {isa = PBXFileReference; fileEncoding = 4; lastKnownFileType = sourcecode.c.h; path = INI.h; sourceTree = "<group>"; };
		191BDDB722A84F7700270B9D /* FileUtil.h */ = {isa = PBXFileReference; lastKnownFileType = sourcecode.c.h; path = FileUtil.h; sourceTree = "<group>"; };
		191BDDB822A84F7700270B9D /* FileUtil.cpp */ = {isa = PBXFileReference; lastKnownFileType = sourcecode.cpp.cpp; path = FileUtil.cpp; sourceTree = "<group>"; };
		191BDDBA22A8547E00270B9D /* SDL2.framework */ = {isa = PBXFileReference; explicitFileType = wrapper.framework; path = SDL2.framework; sourceTree = BUILT_PRODUCTS_DIR; };
		191BDDBE22A8551A00270B9D /* Main.cpp */ = {isa = PBXFileReference; lastKnownFileType = sourcecode.cpp.cpp; path = Main.cpp; sourceTree = "<group>"; };
		19243C1422BC295C0057054D /* PauseMenu.h */ = {isa = PBXFileReference; lastKnownFileType = sourcecode.c.h; path = PauseMenu.h; sourceTree = "<group>"; };
		19243C1522BC295C0057054D /* PauseMenu.cpp */ = {isa = PBXFileReference; lastKnownFileType = sourcecode.cpp.cpp; path = PauseMenu.cpp; sourceTree = "<group>"; };
		1927733F22A85D500055EB30 /* Dummy.txt */ = {isa = PBXFileReference; fileEncoding = 4; lastKnownFileType = text; path = Dummy.txt; sourceTree = SOURCE_ROOT; };
		192A67A422C43CBA009A6F1E /* GUIFrame.h */ = {isa = PBXFileReference; lastKnownFileType = sourcecode.c.h; path = GUIFrame.h; sourceTree = "<group>"; };
		192A67A522C43CBA009A6F1E /* GUIFrame.cpp */ = {isa = PBXFileReference; lastKnownFileType = sourcecode.cpp.cpp; path = GUIFrame.cpp; sourceTree = "<group>"; };
		1931B60322AEEFEA00A48B13 /* ShaderManager.h */ = {isa = PBXFileReference; lastKnownFileType = sourcecode.c.h; path = ShaderManager.h; sourceTree = "<group>"; };
		1931B60422AEEFEA00A48B13 /* ShaderManager.cpp */ = {isa = PBXFileReference; lastKnownFileType = sourcecode.cpp.cpp; path = ShaderManager.cpp; sourceTree = "<group>"; };
		1934815422B9B9A60039F47E /* MathUtil.h */ = {isa = PBXFileReference; fileEncoding = 4; lastKnownFileType = sourcecode.c.h; path = MathUtil.h; sourceTree = "<group>"; };
		1934815622B9B9A60039F47E /* MathUtil.cpp */ = {isa = PBXFileReference; fileEncoding = 4; lastKnownFileType = sourcecode.cpp.cpp; path = MathUtil.cpp; sourceTree = "<group>"; };
		194C2F702257874800AB9902 /* Loadingscreens */ = {isa = PBXFileReference; lastKnownFileType = folder; name = Loadingscreens; path = ../../Content/Loadingscreens; sourceTree = "<group>"; };
		194C2F712257874800AB9902 /* Data */ = {isa = PBXFileReference; lastKnownFileType = folder; name = Data; path = ../../Content/Data; sourceTree = "<group>"; };
		194C2F722257874800AB9902 /* SFX */ = {isa = PBXFileReference; lastKnownFileType = folder; name = SFX; path = ../../Content/SFX; sourceTree = "<group>"; };
		194C2F732257874800AB9902 /* GFX */ = {isa = PBXFileReference; lastKnownFileType = folder; name = GFX; path = ../../Content/GFX; sourceTree = "<group>"; };
		19646FBE22A9FAB4005E027E /* World.h */ = {isa = PBXFileReference; lastKnownFileType = sourcecode.c.h; path = World.h; sourceTree = "<group>"; };
		19646FBF22A9FAB4005E027E /* World.cpp */ = {isa = PBXFileReference; lastKnownFileType = sourcecode.cpp.cpp; path = World.cpp; sourceTree = "<group>"; };
		19646FC122A9FB6D005E027E /* Timing.h */ = {isa = PBXFileReference; lastKnownFileType = sourcecode.c.h; path = Timing.h; sourceTree = "<group>"; };
		19646FC222A9FB6D005E027E /* Timing.cpp */ = {isa = PBXFileReference; lastKnownFileType = sourcecode.cpp.cpp; path = Timing.cpp; sourceTree = "<group>"; };
		19646FC622AA082D005E027E /* IO.h */ = {isa = PBXFileReference; lastKnownFileType = sourcecode.c.h; path = IO.h; sourceTree = "<group>"; };
		19646FC722AA082D005E027E /* IO.cpp */ = {isa = PBXFileReference; lastKnownFileType = sourcecode.cpp.cpp; path = IO.cpp; sourceTree = "<group>"; };
		1971577822BEB776003AF33E /* Config.h */ = {isa = PBXFileReference; lastKnownFileType = sourcecode.c.h; path = Config.h; sourceTree = "<group>"; };
		1971577922BEB776003AF33E /* Config.cpp */ = {isa = PBXFileReference; lastKnownFileType = sourcecode.cpp.cpp; path = Config.cpp; sourceTree = "<group>"; };
		1971577B22BEB9CB003AF33E /* AppDelegate.h */ = {isa = PBXFileReference; lastKnownFileType = sourcecode.c.h; path = AppDelegate.h; sourceTree = "<group>"; };
		1971577D22BEB9EC003AF33E /* AppDelegate.m */ = {isa = PBXFileReference; lastKnownFileType = sourcecode.c.objc; path = AppDelegate.m; sourceTree = "<group>"; };
		19C1965B22BD532F00332C8E /* UIMesh.h */ = {isa = PBXFileReference; lastKnownFileType = sourcecode.c.h; path = UIMesh.h; sourceTree = "<group>"; };
		19C1965C22BD532F00332C8E /* UIMesh.cpp */ = {isa = PBXFileReference; lastKnownFileType = sourcecode.cpp.cpp; path = UIMesh.cpp; sourceTree = "<group>"; };
		19E258DD22AED859002933BF /* Material.h */ = {isa = PBXFileReference; lastKnownFileType = sourcecode.c.h; path = Material.h; sourceTree = "<group>"; };
		19E258DE22AED859002933BF /* Material.cpp */ = {isa = PBXFileReference; lastKnownFileType = sourcecode.cpp.cpp; path = Material.cpp; sourceTree = "<group>"; };
		19F17E9C22AD71580061F643 /* Texture.h */ = {isa = PBXFileReference; lastKnownFileType = sourcecode.c.h; path = Texture.h; sourceTree = "<group>"; };
		19F17E9D22AD71580061F643 /* Texture.cpp */ = {isa = PBXFileReference; lastKnownFileType = sourcecode.cpp.cpp; path = Texture.cpp; sourceTree = "<group>"; };
		19F17EA022AD73510061F643 /* ThreadManager.h */ = {isa = PBXFileReference; lastKnownFileType = sourcecode.c.h; path = ThreadManager.h; sourceTree = "<group>"; };
		19F17EA122AD73510061F643 /* ThreadManager.cpp */ = {isa = PBXFileReference; lastKnownFileType = sourcecode.cpp.cpp; path = ThreadManager.cpp; sourceTree = "<group>"; };
		19F17EA322AD78F20061F643 /* Shader.h */ = {isa = PBXFileReference; lastKnownFileType = sourcecode.c.h; path = Shader.h; sourceTree = "<group>"; };
		19F17EA422AD78F20061F643 /* Shader.cpp */ = {isa = PBXFileReference; lastKnownFileType = sourcecode.cpp.cpp; path = Shader.cpp; sourceTree = "<group>"; };
		19F17EA722AD79A00061F643 /* Sprite.h */ = {isa = PBXFileReference; lastKnownFileType = sourcecode.c.h; path = Sprite.h; sourceTree = "<group>"; };
		19F17EA822AD79A00061F643 /* Sprite.cpp */ = {isa = PBXFileReference; lastKnownFileType = sourcecode.cpp.cpp; path = Sprite.cpp; sourceTree = "<group>"; };
		19F17EAA22AD82940061F643 /* Camera.h */ = {isa = PBXFileReference; lastKnownFileType = sourcecode.c.h; path = Camera.h; sourceTree = "<group>"; };
		19F17EAB22AD82940061F643 /* Camera.cpp */ = {isa = PBXFileReference; lastKnownFileType = sourcecode.cpp.cpp; path = Camera.cpp; sourceTree = "<group>"; };
		19F17EAD22AD90830061F643 /* Mesh.h */ = {isa = PBXFileReference; lastKnownFileType = sourcecode.c.h; path = Mesh.h; sourceTree = "<group>"; };
		19F17EAE22AD90830061F643 /* Mesh.cpp */ = {isa = PBXFileReference; lastKnownFileType = sourcecode.cpp.cpp; path = Mesh.cpp; sourceTree = "<group>"; };
		19FC31C722C0533100AE4011 /* Binding.h */ = {isa = PBXFileReference; lastKnownFileType = sourcecode.c.h; path = Binding.h; sourceTree = "<group>"; };
		19FC31C822C0533100AE4011 /* Binding.cpp */ = {isa = PBXFileReference; lastKnownFileType = sourcecode.cpp.cpp; path = Binding.cpp; sourceTree = "<group>"; };
		19FC31CA22C0736A00AE4011 /* KeyBinds.h */ = {isa = PBXFileReference; lastKnownFileType = sourcecode.c.h; path = KeyBinds.h; sourceTree = "<group>"; };
		19FC31CB22C0736A00AE4011 /* KeyBinds.cpp */ = {isa = PBXFileReference; lastKnownFileType = sourcecode.cpp.cpp; path = KeyBinds.cpp; sourceTree = "<group>"; };
/* End PBXFileReference section */

/* Begin PBXFrameworksBuildPhase section */
		190E9C252257866300A59243 /* Frameworks */ = {
			isa = PBXFrameworksBuildPhase;
			buildActionMask = 2147483647;
			files = (
				191BDDBB22A8547E00270B9D /* SDL2.framework in Frameworks */,
				191BDDA822A8458000270B9D /* libEngine.a in Frameworks */,
			);
			runOnlyForDeploymentPostprocessing = 0;
		};
/* End PBXFrameworksBuildPhase section */

/* Begin PBXGroup section */
		190E9C1F2257866300A59243 = {
			isa = PBXGroup;
			children = (
				191BDD9422A844FF00270B9D /* Src */,
				191BDD9922A8457600270B9D /* Frameworks */,
				194C2F6F2257872B00AB9902 /* Resources */,
				190E9C2A2257866300A59243 /* SCPCB */,
				190E9C292257866300A59243 /* Products */,
			);
			sourceTree = "<group>";
		};
		190E9C292257866300A59243 /* Products */ = {
			isa = PBXGroup;
			children = (
				190E9C282257866300A59243 /* SCPCB.app */,
			);
			name = Products;
			sourceTree = "<group>";
		};
		190E9C2A2257866300A59243 /* SCPCB */ = {
			isa = PBXGroup;
			children = (
				1971577D22BEB9EC003AF33E /* AppDelegate.m */,
				1971577B22BEB9CB003AF33E /* AppDelegate.h */,
				190E9C332257866500A59243 /* Assets.xcassets */,
				190E9C352257866500A59243 /* Main.storyboard */,
				190E9C382257866500A59243 /* Info.plist */,
				190E9C3B2257866500A59243 /* SCPCB.entitlements */,
			);
			path = SCPCB;
			sourceTree = "<group>";
		};
		1910375522A9A090005A1AA0 /* Wrap */ = {
			isa = PBXGroup;
			children = (
				1910375B22A9A3B5005A1AA0 /* Graphics.cpp */,
				1910375A22A9A3B5005A1AA0 /* Graphics.h */,
				19646FC722AA082D005E027E /* IO.cpp */,
				19646FC622AA082D005E027E /* IO.h */,
				19E258DE22AED859002933BF /* Material.cpp */,
				19E258DD22AED859002933BF /* Material.h */,
				19F17EAE22AD90830061F643 /* Mesh.cpp */,
				19F17EAD22AD90830061F643 /* Mesh.h */,
				19F17EA422AD78F20061F643 /* Shader.cpp */,
				19F17EA322AD78F20061F643 /* Shader.h */,
				19F17E9D22AD71580061F643 /* Texture.cpp */,
				19F17E9C22AD71580061F643 /* Texture.h */,
				19F17EA122AD73510061F643 /* ThreadManager.cpp */,
				19F17EA022AD73510061F643 /* ThreadManager.h */,
			);
			path = Wrap;
			sourceTree = "<group>";
		};
		191A23AE22C2C20F009DC558 /* GUI */ = {
			isa = PBXGroup;
			children = (
				191A23B222C2C20F009DC558 /* GUI.cpp */,
				191A23B122C2C20F009DC558 /* GUI.h */,
				191A23B022C2C20F009DC558 /* GUIButton.cpp */,
				191A23AF22C2C20F009DC558 /* GUIButton.h */,
				192A67A522C43CBA009A6F1E /* GUIFrame.cpp */,
				192A67A422C43CBA009A6F1E /* GUIFrame.h */,
			);
			path = GUI;
			sourceTree = "<group>";
		};
		191BDD9422A844FF00270B9D /* Src */ = {
			isa = PBXGroup;
			children = (
				191BDDBE22A8551A00270B9D /* Main.cpp */,
				191BDDA922A846EE00270B9D /* Collision */,
				19F17EA622AD79860061F643 /* Graphics */,
				19FC31C522C0531D00AE4011 /* Input */,
				19243C1222BC29430057054D /* Menus */,
				191BDDAE22A846EE00270B9D /* PlayerController */,
				1971577622BEB764003AF33E /* Save */,
				19646FBD22A9FAA0005E027E /* World */,
				1910375522A9A090005A1AA0 /* Wrap */,
				191BDD9522A844FF00270B9D /* Utils */,
			);
			name = Src;
			path = ../Src;
			sourceTree = "<group>";
		};
		191BDD9522A844FF00270B9D /* Utils */ = {
			isa = PBXGroup;
			children = (
				191BDDB822A84F7700270B9D /* FileUtil.cpp */,
				191BDDB722A84F7700270B9D /* FileUtil.h */,
				191BDDB422A846F600270B9D /* INI.cpp */,
				191BDDB522A846F600270B9D /* INI.h */,
				1934815622B9B9A60039F47E /* MathUtil.cpp */,
				1934815422B9B9A60039F47E /* MathUtil.h */,
				191BDD9722A844FF00270B9D /* TextMgmt.cpp */,
				191BDD9622A844FF00270B9D /* TextMgmt.h */,
			);
			path = Utils;
			sourceTree = "<group>";
		};
		191BDD9922A8457600270B9D /* Frameworks */ = {
			isa = PBXGroup;
			children = (
				191BDDBA22A8547E00270B9D /* SDL2.framework */,
				191BDD9A22A8457700270B9D /* Engine.xcodeproj */,
			);
			name = Frameworks;
			sourceTree = "<group>";
		};
		191BDD9B22A8457700270B9D /* Products */ = {
			isa = PBXGroup;
			children = (
				191BDDA722A8457700270B9D /* libEngine.a */,
			);
			name = Products;
			sourceTree = "<group>";
		};
		191BDDA922A846EE00270B9D /* Collision */ = {
			isa = PBXGroup;
			children = (
				191BDDAA22A846EE00270B9D /* CollisionMesh.cpp */,
				191BDDAC22A846EE00270B9D /* CollisionMesh.h */,
				191BDDAD22A846EE00270B9D /* Collision.cpp */,
				191BDDAB22A846EE00270B9D /* Collision.h */,
			);
			path = Collision;
			sourceTree = "<group>";
		};
		191BDDAE22A846EE00270B9D /* PlayerController */ = {
			isa = PBXGroup;
			children = (
				191BDDAF22A846EE00270B9D /* PlayerController.cpp */,
				191BDDB022A846EE00270B9D /* PlayerController.h */,
			);
			path = PlayerController;
			sourceTree = "<group>";
		};
		19243C1222BC29430057054D /* Menus */ = {
			isa = PBXGroup;
			children = (
				191A23AE22C2C20F009DC558 /* GUI */,
				19243C1522BC295C0057054D /* PauseMenu.cpp */,
				19243C1422BC295C0057054D /* PauseMenu.h */,
				191A23AC22C2C20F009DC558 /* UIAssets.cpp */,
				191A23AD22C2C20F009DC558 /* UIAssets.h */,
			);
			path = Menus;
			sourceTree = "<group>";
		};
		194C2F6F2257872B00AB9902 /* Resources */ = {
			isa = PBXGroup;
			children = (
				1927733F22A85D500055EB30 /* Dummy.txt */,
				194C2F712257874800AB9902 /* Data */,
				194C2F732257874800AB9902 /* GFX */,
				194C2F702257874800AB9902 /* Loadingscreens */,
				194C2F722257874800AB9902 /* SFX */,
			);
			path = Resources;
			sourceTree = "<group>";
		};
		19646FBD22A9FAA0005E027E /* World */ = {
			isa = PBXGroup;
			children = (
				1931B60422AEEFEA00A48B13 /* ShaderManager.cpp */,
				1931B60322AEEFEA00A48B13 /* ShaderManager.h */,
				19646FC222A9FB6D005E027E /* Timing.cpp */,
				19646FC122A9FB6D005E027E /* Timing.h */,
				19646FBF22A9FAB4005E027E /* World.cpp */,
				19646FBE22A9FAB4005E027E /* World.h */,
			);
			path = World;
			sourceTree = "<group>";
		};
		1971577622BEB764003AF33E /* Save */ = {
			isa = PBXGroup;
			children = (
				1971577922BEB776003AF33E /* Config.cpp */,
				1971577822BEB776003AF33E /* Config.h */,
			);
			path = Save;
			sourceTree = "<group>";
		};
		19F17EA622AD79860061F643 /* Graphics */ = {
			isa = PBXGroup;
			children = (
				19F17EAB22AD82940061F643 /* Camera.cpp */,
				19F17EAA22AD82940061F643 /* Camera.h */,
				19F17EA822AD79A00061F643 /* Sprite.cpp */,
				19F17EA722AD79A00061F643 /* Sprite.h */,
				19C1965C22BD532F00332C8E /* UIMesh.cpp */,
				19C1965B22BD532F00332C8E /* UIMesh.h */,
			);
			path = Graphics;
			sourceTree = "<group>";
		};
		19FC31C522C0531D00AE4011 /* Input */ = {
			isa = PBXGroup;
			children = (
				19FC31C822C0533100AE4011 /* Binding.cpp */,
				19FC31C722C0533100AE4011 /* Binding.h */,
				19FC31CB22C0736A00AE4011 /* KeyBinds.cpp */,
				19FC31CA22C0736A00AE4011 /* KeyBinds.h */,
			);
			path = Input;
			sourceTree = "<group>";
		};
/* End PBXGroup section */

/* Begin PBXNativeTarget section */
		190E9C272257866300A59243 /* SCPCB */ = {
			isa = PBXNativeTarget;
			buildConfigurationList = 190E9C3E2257866500A59243 /* Build configuration list for PBXNativeTarget "SCPCB" */;
			buildPhases = (
				190E9C242257866300A59243 /* Sources */,
				190E9C252257866300A59243 /* Frameworks */,
				190E9C262257866300A59243 /* Resources */,
				191BDDBC22A8549700270B9D /* Copy Bundle Frameworks */,
			);
			buildRules = (
			);
			dependencies = (
			);
			name = SCPCB;
			productName = SCPCB;
			productReference = 190E9C282257866300A59243 /* SCPCB.app */;
			productType = "com.apple.product-type.application";
		};
/* End PBXNativeTarget section */

/* Begin PBXProject section */
		190E9C202257866300A59243 /* Project object */ = {
			isa = PBXProject;
			attributes = {
				LastUpgradeCheck = 1020;
				ORGANIZATIONNAME = CHANGE;
				TargetAttributes = {
					190E9C272257866300A59243 = {
						CreatedOnToolsVersion = 10.2;
					};
				};
			};
			buildConfigurationList = 190E9C232257866300A59243 /* Build configuration list for PBXProject "SCPCB" */;
			compatibilityVersion = "Xcode 9.3";
			developmentRegion = en;
			hasScannedForEncodings = 0;
			knownRegions = (
				en,
				Base,
			);
			mainGroup = 190E9C1F2257866300A59243;
			productRefGroup = 190E9C292257866300A59243 /* Products */;
			projectDirPath = "";
			projectReferences = (
				{
					ProductGroup = 191BDD9B22A8457700270B9D /* Products */;
					ProjectRef = 191BDD9A22A8457700270B9D /* Engine.xcodeproj */;
				},
			);
			projectRoot = "";
			targets = (
				190E9C272257866300A59243 /* SCPCB */,
			);
		};
/* End PBXProject section */

/* Begin PBXReferenceProxy section */
		191BDDA722A8457700270B9D /* libEngine.a */ = {
			isa = PBXReferenceProxy;
			fileType = archive.ar;
			path = libEngine.a;
			remoteRef = 191BDDA622A8457700270B9D /* PBXContainerItemProxy */;
			sourceTree = BUILT_PRODUCTS_DIR;
		};
/* End PBXReferenceProxy section */

/* Begin PBXResourcesBuildPhase section */
		190E9C262257866300A59243 /* Resources */ = {
			isa = PBXResourcesBuildPhase;
			buildActionMask = 2147483647;
			files = (
				194C2F772257874800AB9902 /* GFX in Resources */,
				190E9C372257866500A59243 /* Main.storyboard in Resources */,
				194C2F762257874800AB9902 /* SFX in Resources */,
				1927734122A85D500055EB30 /* Dummy.txt in Resources */,
				190E9C342257866500A59243 /* Assets.xcassets in Resources */,
				194C2F752257874800AB9902 /* Data in Resources */,
				194C2F742257874800AB9902 /* Loadingscreens in Resources */,
			);
			runOnlyForDeploymentPostprocessing = 0;
		};
/* End PBXResourcesBuildPhase section */

/* Begin PBXSourcesBuildPhase section */
		190E9C242257866300A59243 /* Sources */ = {
			isa = PBXSourcesBuildPhase;
			buildActionMask = 2147483647;
			files = (
				1931B60522AEEFEA00A48B13 /* ShaderManager.cpp in Sources */,
				19C1965D22BD532F00332C8E /* UIMesh.cpp in Sources */,
				1971577A22BEB776003AF33E /* Config.cpp in Sources */,
				191A23B522C2C20F009DC558 /* GUI.cpp in Sources */,
				19E258DF22AED859002933BF /* Material.cpp in Sources */,
				19FC31C922C0533100AE4011 /* Binding.cpp in Sources */,
				19F17EAF22AD90830061F643 /* Mesh.cpp in Sources */,
				191BDDB622A846F600270B9D /* INI.cpp in Sources */,
				19F17EA922AD79A00061F643 /* Sprite.cpp in Sources */,
				191BDDB322A846EE00270B9D /* PlayerController.cpp in Sources */,
				19F17EA222AD73510061F643 /* ThreadManager.cpp in Sources */,
				192A67A622C43CBA009A6F1E /* GUIFrame.cpp in Sources */,
				19F17EA522AD78F20061F643 /* Shader.cpp in Sources */,
				19646FC322A9FB6D005E027E /* Timing.cpp in Sources */,
				191BDDB922A84F7700270B9D /* FileUtil.cpp in Sources */,
				19243C1622BC295C0057054D /* PauseMenu.cpp in Sources */,
				19F17E9E22AD71580061F643 /* Texture.cpp in Sources */,
				191BDD9822A844FF00270B9D /* TextMgmt.cpp in Sources */,
				191BDDB222A846EE00270B9D /* Collision.cpp in Sources */,
				191A23B422C2C20F009DC558 /* GUIButton.cpp in Sources */,
				19646FC822AA082D005E027E /* IO.cpp in Sources */,
				1934815722B9B9A60039F47E /* MathUtil.cpp in Sources */,
				19F17EAC22AD82940061F643 /* Camera.cpp in Sources */,
				19646FC022A9FAB4005E027E /* World.cpp in Sources */,
				19FC31CC22C0736A00AE4011 /* KeyBinds.cpp in Sources */,
				1971577C22BEB9CB003AF33E /* AppDelegate.h in Sources */,
				191BDDBF22A8551A00270B9D /* Main.cpp in Sources */,
				1971577E22BEB9EC003AF33E /* AppDelegate.m in Sources */,
				1910375C22A9A3B5005A1AA0 /* Graphics.cpp in Sources */,
				191A23B322C2C20F009DC558 /* UIAssets.cpp in Sources */,
				191BDDB122A846EE00270B9D /* CollisionMesh.cpp in Sources */,
			);
			runOnlyForDeploymentPostprocessing = 0;
		};
/* End PBXSourcesBuildPhase section */

/* Begin PBXVariantGroup section */
		190E9C352257866500A59243 /* Main.storyboard */ = {
			isa = PBXVariantGroup;
			children = (
				190E9C362257866500A59243 /* Base */,
			);
			name = Main.storyboard;
			sourceTree = "<group>";
		};
/* End PBXVariantGroup section */

/* Begin XCBuildConfiguration section */
		190E9C3C2257866500A59243 /* Debug */ = {
			isa = XCBuildConfiguration;
			buildSettings = {
				ALWAYS_SEARCH_USER_PATHS = NO;
				CLANG_ANALYZER_NONNULL = YES;
				CLANG_ANALYZER_NUMBER_OBJECT_CONVERSION = YES_AGGRESSIVE;
				CLANG_CXX_LANGUAGE_STANDARD = "gnu++14";
				CLANG_CXX_LIBRARY = "libc++";
				CLANG_ENABLE_MODULES = YES;
				CLANG_ENABLE_OBJC_ARC = YES;
				CLANG_ENABLE_OBJC_WEAK = YES;
				CLANG_WARN_BLOCK_CAPTURE_AUTORELEASING = YES;
				CLANG_WARN_BOOL_CONVERSION = YES;
				CLANG_WARN_COMMA = YES;
				CLANG_WARN_CONSTANT_CONVERSION = YES;
				CLANG_WARN_DEPRECATED_OBJC_IMPLEMENTATIONS = YES;
				CLANG_WARN_DIRECT_OBJC_ISA_USAGE = YES_ERROR;
				CLANG_WARN_DOCUMENTATION_COMMENTS = YES;
				CLANG_WARN_EMPTY_BODY = YES;
				CLANG_WARN_ENUM_CONVERSION = YES;
				CLANG_WARN_INFINITE_RECURSION = YES;
				CLANG_WARN_INT_CONVERSION = YES;
				CLANG_WARN_NON_LITERAL_NULL_CONVERSION = YES;
				CLANG_WARN_OBJC_IMPLICIT_RETAIN_SELF = YES;
				CLANG_WARN_OBJC_LITERAL_CONVERSION = YES;
				CLANG_WARN_OBJC_ROOT_CLASS = YES_ERROR;
				CLANG_WARN_RANGE_LOOP_ANALYSIS = YES;
				CLANG_WARN_STRICT_PROTOTYPES = YES;
				CLANG_WARN_SUSPICIOUS_MOVE = YES;
				CLANG_WARN_UNGUARDED_AVAILABILITY = YES_AGGRESSIVE;
				CLANG_WARN_UNREACHABLE_CODE = YES;
				CLANG_WARN__DUPLICATE_METHOD_MATCH = YES;
				CODE_SIGN_IDENTITY = "-";
				COPY_PHASE_STRIP = NO;
				DEBUG_INFORMATION_FORMAT = dwarf;
				ENABLE_STRICT_OBJC_MSGSEND = YES;
				ENABLE_TESTABILITY = YES;
				GCC_C_LANGUAGE_STANDARD = gnu11;
				GCC_DYNAMIC_NO_PIC = NO;
				GCC_NO_COMMON_BLOCKS = YES;
				GCC_OPTIMIZATION_LEVEL = 0;
				GCC_PREPROCESSOR_DEFINITIONS = (
					"DEBUG=1",
					"$(inherited)",
				);
				GCC_WARN_64_TO_32_BIT_CONVERSION = YES;
				GCC_WARN_ABOUT_RETURN_TYPE = YES_ERROR;
				GCC_WARN_UNDECLARED_SELECTOR = YES;
				GCC_WARN_UNINITIALIZED_AUTOS = YES_AGGRESSIVE;
				GCC_WARN_UNUSED_FUNCTION = YES;
				GCC_WARN_UNUSED_VARIABLE = YES;
				MACOSX_DEPLOYMENT_TARGET = 10.14;
				MTL_ENABLE_DEBUG_INFO = INCLUDE_SOURCE;
				MTL_FAST_MATH = YES;
				ONLY_ACTIVE_ARCH = YES;
				SDKROOT = macosx;
			};
			name = Debug;
		};
		190E9C3D2257866500A59243 /* Release */ = {
			isa = XCBuildConfiguration;
			buildSettings = {
				ALWAYS_SEARCH_USER_PATHS = NO;
				CLANG_ANALYZER_NONNULL = YES;
				CLANG_ANALYZER_NUMBER_OBJECT_CONVERSION = YES_AGGRESSIVE;
				CLANG_CXX_LANGUAGE_STANDARD = "gnu++14";
				CLANG_CXX_LIBRARY = "libc++";
				CLANG_ENABLE_MODULES = YES;
				CLANG_ENABLE_OBJC_ARC = YES;
				CLANG_ENABLE_OBJC_WEAK = YES;
				CLANG_WARN_BLOCK_CAPTURE_AUTORELEASING = YES;
				CLANG_WARN_BOOL_CONVERSION = YES;
				CLANG_WARN_COMMA = YES;
				CLANG_WARN_CONSTANT_CONVERSION = YES;
				CLANG_WARN_DEPRECATED_OBJC_IMPLEMENTATIONS = YES;
				CLANG_WARN_DIRECT_OBJC_ISA_USAGE = YES_ERROR;
				CLANG_WARN_DOCUMENTATION_COMMENTS = YES;
				CLANG_WARN_EMPTY_BODY = YES;
				CLANG_WARN_ENUM_CONVERSION = YES;
				CLANG_WARN_INFINITE_RECURSION = YES;
				CLANG_WARN_INT_CONVERSION = YES;
				CLANG_WARN_NON_LITERAL_NULL_CONVERSION = YES;
				CLANG_WARN_OBJC_IMPLICIT_RETAIN_SELF = YES;
				CLANG_WARN_OBJC_LITERAL_CONVERSION = YES;
				CLANG_WARN_OBJC_ROOT_CLASS = YES_ERROR;
				CLANG_WARN_RANGE_LOOP_ANALYSIS = YES;
				CLANG_WARN_STRICT_PROTOTYPES = YES;
				CLANG_WARN_SUSPICIOUS_MOVE = YES;
				CLANG_WARN_UNGUARDED_AVAILABILITY = YES_AGGRESSIVE;
				CLANG_WARN_UNREACHABLE_CODE = YES;
				CLANG_WARN__DUPLICATE_METHOD_MATCH = YES;
				CODE_SIGN_IDENTITY = "-";
				COPY_PHASE_STRIP = NO;
				DEBUG_INFORMATION_FORMAT = "dwarf-with-dsym";
				ENABLE_NS_ASSERTIONS = NO;
				ENABLE_STRICT_OBJC_MSGSEND = YES;
				GCC_C_LANGUAGE_STANDARD = gnu11;
				GCC_NO_COMMON_BLOCKS = YES;
				GCC_WARN_64_TO_32_BIT_CONVERSION = YES;
				GCC_WARN_ABOUT_RETURN_TYPE = YES_ERROR;
				GCC_WARN_UNDECLARED_SELECTOR = YES;
				GCC_WARN_UNINITIALIZED_AUTOS = YES_AGGRESSIVE;
				GCC_WARN_UNUSED_FUNCTION = YES;
				GCC_WARN_UNUSED_VARIABLE = YES;
				MACOSX_DEPLOYMENT_TARGET = 10.14;
				MTL_ENABLE_DEBUG_INFO = NO;
				MTL_FAST_MATH = YES;
				SDKROOT = macosx;
			};
			name = Release;
		};
		190E9C3F2257866500A59243 /* Debug */ = {
			isa = XCBuildConfiguration;
			buildSettings = {
				ASSETCATALOG_COMPILER_APPICON_NAME = AppIcon;
				CODE_SIGN_ENTITLEMENTS = SCPCB/SCPCB.entitlements;
				CODE_SIGN_STYLE = Automatic;
				COMBINE_HIDPI_IMAGES = YES;
				HEADER_SEARCH_PATHS = ../Engine/Include/;
				INFOPLIST_FILE = SCPCB/Info.plist;
				LD_RUNPATH_SEARCH_PATHS = (
					"$(inherited)",
					"@executable_path/../Frameworks",
				);
				PRODUCT_BUNDLE_IDENTIFIER = todo.SCPCB;
				PRODUCT_NAME = "$(TARGET_NAME)";
			};
			name = Debug;
		};
		190E9C402257866500A59243 /* Release */ = {
			isa = XCBuildConfiguration;
			buildSettings = {
				ASSETCATALOG_COMPILER_APPICON_NAME = AppIcon;
				CODE_SIGN_ENTITLEMENTS = SCPCB/SCPCB.entitlements;
				CODE_SIGN_STYLE = Automatic;
				COMBINE_HIDPI_IMAGES = YES;
				HEADER_SEARCH_PATHS = ../Engine/Include/;
				INFOPLIST_FILE = SCPCB/Info.plist;
				LD_RUNPATH_SEARCH_PATHS = (
					"$(inherited)",
					"@executable_path/../Frameworks",
				);
				PRODUCT_BUNDLE_IDENTIFIER = todo.SCPCB;
				PRODUCT_NAME = "$(TARGET_NAME)";
			};
			name = Release;
		};
/* End XCBuildConfiguration section */

/* Begin XCConfigurationList section */
		190E9C232257866300A59243 /* Build configuration list for PBXProject "SCPCB" */ = {
			isa = XCConfigurationList;
			buildConfigurations = (
				190E9C3C2257866500A59243 /* Debug */,
				190E9C3D2257866500A59243 /* Release */,
			);
			defaultConfigurationIsVisible = 0;
			defaultConfigurationName = Release;
		};
		190E9C3E2257866500A59243 /* Build configuration list for PBXNativeTarget "SCPCB" */ = {
			isa = XCConfigurationList;
			buildConfigurations = (
				190E9C3F2257866500A59243 /* Debug */,
				190E9C402257866500A59243 /* Release */,
			);
			defaultConfigurationIsVisible = 0;
			defaultConfigurationName = Release;
		};
/* End XCConfigurationList section */
	};
	rootObject = 190E9C202257866300A59243 /* Project object */;
}
